// !$*UTF8*$!
{
	archiveVersion = 1;
	classes = {
	};
	objectVersion = 52;
	objects = {

/* Begin PBXBuildFile section */
		4404F21024597A0600EB7184 /* api_object_id.swift in Sources */ = {isa = PBXBuildFile; fileRef = 4404F20F24597A0600EB7184 /* api_object_id.swift */; };
		4404F214245AF9C500EB7184 /* DrawerPanner.swift in Sources */ = {isa = PBXBuildFile; fileRef = 4404F213245AF9C500EB7184 /* DrawerPanner.swift */; };
		4404F216245C39AE00EB7184 /* BasicCell.swift in Sources */ = {isa = PBXBuildFile; fileRef = 4404F215245C39AE00EB7184 /* BasicCell.swift */; };
		4404F218245C966600EB7184 /* api_objects_search.swift in Sources */ = {isa = PBXBuildFile; fileRef = 4404F217245C966600EB7184 /* api_objects_search.swift */; };
		4404F24B245F0CD900EB7184 /* FilterPresenter.swift in Sources */ = {isa = PBXBuildFile; fileRef = 4404F245245F0CD900EB7184 /* FilterPresenter.swift */; };
		4404F24C245F0CD900EB7184 /* FilterInteractor.swift in Sources */ = {isa = PBXBuildFile; fileRef = 4404F246245F0CD900EB7184 /* FilterInteractor.swift */; };
		4404F24D245F0CD900EB7184 /* FilterConfigurator.swift in Sources */ = {isa = PBXBuildFile; fileRef = 4404F247245F0CD900EB7184 /* FilterConfigurator.swift */; };
		4404F24E245F0CD900EB7184 /* FilterRouter.swift in Sources */ = {isa = PBXBuildFile; fileRef = 4404F248245F0CD900EB7184 /* FilterRouter.swift */; };
		4404F24F245F0CD900EB7184 /* FilterViewController.swift in Sources */ = {isa = PBXBuildFile; fileRef = 4404F24A245F0CD900EB7184 /* FilterViewController.swift */; };
		4404F251245F1D3700EB7184 /* Templates.swift in Sources */ = {isa = PBXBuildFile; fileRef = 4404F250245F1D3700EB7184 /* Templates.swift */; };
		4404F253245F216100EB7184 /* Eureka.swift in Sources */ = {isa = PBXBuildFile; fileRef = 4404F252245F216100EB7184 /* Eureka.swift */; };
		4404F255245F2D9800EB7184 /* Asset.swift in Sources */ = {isa = PBXBuildFile; fileRef = 4404F254245F2D9800EB7184 /* Asset.swift */; };
		4404F25824602B0300EB7184 /* Filter.swift in Sources */ = {isa = PBXBuildFile; fileRef = 4404F25724602B0300EB7184 /* Filter.swift */; };
		440AC3BB246C152E00AAC348 /* InstructionViewController.swift in Sources */ = {isa = PBXBuildFile; fileRef = 440AC3BA246C152E00AAC348 /* InstructionViewController.swift */; };
		4420ABF024727BE8007F70D6 /* ProfilePresenter.swift in Sources */ = {isa = PBXBuildFile; fileRef = 4420ABEA24727BE7007F70D6 /* ProfilePresenter.swift */; };
		4420ABF124727BE8007F70D6 /* ProfileRouter.swift in Sources */ = {isa = PBXBuildFile; fileRef = 4420ABEB24727BE7007F70D6 /* ProfileRouter.swift */; };
		4420ABF224727BE8007F70D6 /* ProfileConfigurator.swift in Sources */ = {isa = PBXBuildFile; fileRef = 4420ABEC24727BE7007F70D6 /* ProfileConfigurator.swift */; };
		4420ABF324727BE8007F70D6 /* ProfileInteractor.swift in Sources */ = {isa = PBXBuildFile; fileRef = 4420ABED24727BE7007F70D6 /* ProfileInteractor.swift */; };
		4420ABF424727BE8007F70D6 /* ProfileViewController.swift in Sources */ = {isa = PBXBuildFile; fileRef = 4420ABEF24727BE7007F70D6 /* ProfileViewController.swift */; };
		4444E24624647BEE0035CA8A /* Archive.swift in Sources */ = {isa = PBXBuildFile; fileRef = 4444E24524647BEE0035CA8A /* Archive.swift */; };
		4446C24124727EC3006B49EE /* api_profile.swift in Sources */ = {isa = PBXBuildFile; fileRef = 4446C24024727EC3006B49EE /* api_profile.swift */; };
		4446C2432472814F006B49EE /* ProfileDrawerViewController.swift in Sources */ = {isa = PBXBuildFile; fileRef = 4446C2422472814F006B49EE /* ProfileDrawerViewController.swift */; };
		4446C2452472887D006B49EE /* ProfileView.swift in Sources */ = {isa = PBXBuildFile; fileRef = 4446C2442472887D006B49EE /* ProfileView.swift */; };
		444F35DF246EF548001C7A27 /* MoreViewController.swift in Sources */ = {isa = PBXBuildFile; fileRef = 444F35DE246EF548001C7A27 /* MoreViewController.swift */; };
		444F35E1246EFF2B001C7A27 /* LanguageViewController.swift in Sources */ = {isa = PBXBuildFile; fileRef = 444F35E0246EFF2B001C7A27 /* LanguageViewController.swift */; };
		44565DA1246DC28000476016 /* BlogCell.swift in Sources */ = {isa = PBXBuildFile; fileRef = 44565DA0246DC28000476016 /* BlogCell.swift */; };
		4459CCF5244727B8002DA95F /* GreetingView.swift in Sources */ = {isa = PBXBuildFile; fileRef = 4459CCF4244727B8002DA95F /* GreetingView.swift */; };
		445C3F322403F62800131990 /* CategoryPickerRouter.swift in Sources */ = {isa = PBXBuildFile; fileRef = 445C3F2A2403F62800131990 /* CategoryPickerRouter.swift */; };
		445C3F332403F62800131990 /* CategoryPickerInteractor.swift in Sources */ = {isa = PBXBuildFile; fileRef = 445C3F2B2403F62800131990 /* CategoryPickerInteractor.swift */; };
		445C3F342403F62800131990 /* CategoryPickerPresenter.swift in Sources */ = {isa = PBXBuildFile; fileRef = 445C3F2C2403F62800131990 /* CategoryPickerPresenter.swift */; };
		445C3F352403F62800131990 /* CategoryPickerViewController.swift in Sources */ = {isa = PBXBuildFile; fileRef = 445C3F2E2403F62800131990 /* CategoryPickerViewController.swift */; };
		445C3F362403F62800131990 /* CategoryPickerModuleIO.swift in Sources */ = {isa = PBXBuildFile; fileRef = 445C3F302403F62800131990 /* CategoryPickerModuleIO.swift */; };
		445C3F372403F62800131990 /* CategoryPickerConfigurator.swift in Sources */ = {isa = PBXBuildFile; fileRef = 445C3F312403F62800131990 /* CategoryPickerConfigurator.swift */; };
		445C3F392404432100131990 /* TableViewDataSource.swift in Sources */ = {isa = PBXBuildFile; fileRef = 445C3F382404432100131990 /* TableViewDataSource.swift */; };
		445CDC4B24028D1D0072F4BC /* SharedCodeFramework.xcframework in Frameworks */ = {isa = PBXBuildFile; fileRef = 445CDC4A24028D1D0072F4BC /* SharedCodeFramework.xcframework */; };
		445CDC4C24028D1D0072F4BC /* SharedCodeFramework.xcframework in Embed Frameworks */ = {isa = PBXBuildFile; fileRef = 445CDC4A24028D1D0072F4BC /* SharedCodeFramework.xcframework */; settings = {ATTRIBUTES = (CodeSignOnCopy, ); }; };
		445CDC502402A6D60072F4BC /* UIView+Constraints.swift in Sources */ = {isa = PBXBuildFile; fileRef = 445CDC4F2402A6D60072F4BC /* UIView+Constraints.swift */; };
		445CDC542402D6530072F4BC /* MainTabBarViewController.swift in Sources */ = {isa = PBXBuildFile; fileRef = 445CDC532402D6530072F4BC /* MainTabBarViewController.swift */; };
		445CDC7F2402E5F90072F4BC /* MapRouter.swift in Sources */ = {isa = PBXBuildFile; fileRef = 445CDC772402E5F90072F4BC /* MapRouter.swift */; };
		445CDC802402E5F90072F4BC /* MapPresenter.swift in Sources */ = {isa = PBXBuildFile; fileRef = 445CDC782402E5F90072F4BC /* MapPresenter.swift */; };
		445CDC812402E5F90072F4BC /* MapInteractor.swift in Sources */ = {isa = PBXBuildFile; fileRef = 445CDC792402E5F90072F4BC /* MapInteractor.swift */; };
		445CDC822402E5F90072F4BC /* MapViewController.swift in Sources */ = {isa = PBXBuildFile; fileRef = 445CDC7B2402E5F90072F4BC /* MapViewController.swift */; };
		445CDC832402E5F90072F4BC /* MapModuleIO.swift in Sources */ = {isa = PBXBuildFile; fileRef = 445CDC7D2402E5F90072F4BC /* MapModuleIO.swift */; };
		445CDC842402E5F90072F4BC /* MapConfigurator.swift in Sources */ = {isa = PBXBuildFile; fileRef = 445CDC7E2402E5F90072F4BC /* MapConfigurator.swift */; };
		445D51932465A2A800C2E02A /* MKMapView+Zoom.swift in Sources */ = {isa = PBXBuildFile; fileRef = 445D51922465A2A800C2E02A /* MKMapView+Zoom.swift */; };
		445D51952466D92700C2E02A /* disabilityCategories.json in Resources */ = {isa = PBXBuildFile; fileRef = 445D51942466D92700C2E02A /* disabilityCategories.json */; };
		445D51972466D96800C2E02A /* local_disability_categories.swift in Sources */ = {isa = PBXBuildFile; fileRef = 445D51962466D96800C2E02A /* local_disability_categories.swift */; };
		44653D89241385EA006EB35D /* DrawerViewController.swift in Sources */ = {isa = PBXBuildFile; fileRef = 44653D88241385EA006EB35D /* DrawerViewController.swift */; };
		44653D8B24138610006EB35D /* DrawerView.swift in Sources */ = {isa = PBXBuildFile; fileRef = 44653D8A24138610006EB35D /* DrawerView.swift */; };
		44653D8E2413864F006EB35D /* DrawerPosition.swift in Sources */ = {isa = PBXBuildFile; fileRef = 44653D8D2413864F006EB35D /* DrawerPosition.swift */; };
		446E78C624680C2300075A47 /* api_objects_attributes.swift in Sources */ = {isa = PBXBuildFile; fileRef = 446E78C524680C2300075A47 /* api_objects_attributes.swift */; };
		446E78C82468402000075A47 /* api_objects_requests.swift in Sources */ = {isa = PBXBuildFile; fileRef = 446E78C72468402000075A47 /* api_objects_requests.swift */; };
		447DEC06246170A300AB5478 /* api_objects_categories.swift in Sources */ = {isa = PBXBuildFile; fileRef = 447DEC05246170A300AB5478 /* api_objects_categories.swift */; };
		4486E89823F6EBEF00E8AAB2 /* AppDelegate.swift in Sources */ = {isa = PBXBuildFile; fileRef = 4486E89723F6EBEF00E8AAB2 /* AppDelegate.swift */; };
		4486E89C23F6EBEF00E8AAB2 /* ViewController.swift in Sources */ = {isa = PBXBuildFile; fileRef = 4486E89B23F6EBEF00E8AAB2 /* ViewController.swift */; };
		4486E89F23F6EBEF00E8AAB2 /* Main.storyboard in Resources */ = {isa = PBXBuildFile; fileRef = 4486E89D23F6EBEF00E8AAB2 /* Main.storyboard */; };
		4486E8A123F6EBF100E8AAB2 /* Assets.xcassets in Resources */ = {isa = PBXBuildFile; fileRef = 4486E8A023F6EBF100E8AAB2 /* Assets.xcassets */; };
		4486E8A423F6EBF100E8AAB2 /* LaunchScreen.storyboard in Resources */ = {isa = PBXBuildFile; fileRef = 4486E8A223F6EBF100E8AAB2 /* LaunchScreen.storyboard */; };
		448A4477240BF5D0007305D4 /* SearchResultsViewControllerInteractor.swift in Sources */ = {isa = PBXBuildFile; fileRef = 448A446F240BF5D0007305D4 /* SearchResultsViewControllerInteractor.swift */; };
		448A4478240BF5D0007305D4 /* SearchResultsViewControllerRouter.swift in Sources */ = {isa = PBXBuildFile; fileRef = 448A4470240BF5D0007305D4 /* SearchResultsViewControllerRouter.swift */; };
		448A4479240BF5D0007305D4 /* SearchResultsViewControllerPresenter.swift in Sources */ = {isa = PBXBuildFile; fileRef = 448A4471240BF5D0007305D4 /* SearchResultsViewControllerPresenter.swift */; };
		448A447A240BF5D0007305D4 /* SearchResultsViewControllerViewController.swift in Sources */ = {isa = PBXBuildFile; fileRef = 448A4473240BF5D0007305D4 /* SearchResultsViewControllerViewController.swift */; };
		448A447B240BF5D0007305D4 /* SearchResultsViewControllerModuleIO.swift in Sources */ = {isa = PBXBuildFile; fileRef = 448A4475240BF5D0007305D4 /* SearchResultsViewControllerModuleIO.swift */; };
		448A447C240BF5D0007305D4 /* SearchResultsViewControllerConfigurator.swift in Sources */ = {isa = PBXBuildFile; fileRef = 448A4476240BF5D0007305D4 /* SearchResultsViewControllerConfigurator.swift */; };
		448A447F240C2E60007305D4 /* UISearchAppearanceCustomizer.swift in Sources */ = {isa = PBXBuildFile; fileRef = 448A447E240C2E60007305D4 /* UISearchAppearanceCustomizer.swift */; };
		448A8A732431171000C81788 /* Sugar.swift in Sources */ = {isa = PBXBuildFile; fileRef = 448A8A722431171000C81788 /* Sugar.swift */; };
		448EBAC924693C8F006C9961 /* BigFormInteractor.swift in Sources */ = {isa = PBXBuildFile; fileRef = 448EBAC324693C8E006C9961 /* BigFormInteractor.swift */; };
		448EBACA24693C8F006C9961 /* BigFormConfigurator.swift in Sources */ = {isa = PBXBuildFile; fileRef = 448EBAC424693C8E006C9961 /* BigFormConfigurator.swift */; };
		448EBACB24693C8F006C9961 /* BigFormRouter.swift in Sources */ = {isa = PBXBuildFile; fileRef = 448EBAC524693C8E006C9961 /* BigFormRouter.swift */; };
		448EBACC24693C8F006C9961 /* BigFormPresenter.swift in Sources */ = {isa = PBXBuildFile; fileRef = 448EBAC624693C8E006C9961 /* BigFormPresenter.swift */; };
		448EBACD24693C8F006C9961 /* BigFormViewController.swift in Sources */ = {isa = PBXBuildFile; fileRef = 448EBAC824693C8E006C9961 /* BigFormViewController.swift */; };
		448EBACF24696985006C9961 /* FormControllers.swift in Sources */ = {isa = PBXBuildFile; fileRef = 448EBACE24696985006C9961 /* FormControllers.swift */; };
		448EBAD124696CA1006C9961 /* FormCells.swift in Sources */ = {isa = PBXBuildFile; fileRef = 448EBAD024696CA1006C9961 /* FormCells.swift */; };
		448EBAD324699374006C9961 /* CellConfigurator.swift in Sources */ = {isa = PBXBuildFile; fileRef = 448EBAD224699374006C9961 /* CellConfigurator.swift */; };
		448EBAD52469C8F8006C9961 /* UTableViewDataSource.swift in Sources */ = {isa = PBXBuildFile; fileRef = 448EBAD42469C8F8006C9961 /* UTableViewDataSource.swift */; };
		4490E2ED24026CE900F70B40 /* AppSettings.swift in Sources */ = {isa = PBXBuildFile; fileRef = 4490E2EC24026CE900F70B40 /* AppSettings.swift */; };
		4490E2EF2402711300F70B40 /* Localization.swift in Sources */ = {isa = PBXBuildFile; fileRef = 4490E2EE2402711300F70B40 /* Localization.swift */; };
		4490E2F12402776500F70B40 /* StringResourceGenerator.swift in Sources */ = {isa = PBXBuildFile; fileRef = 4490E2F02402776500F70B40 /* StringResourceGenerator.swift */; };
		44951D2224473E2E0029275F /* CollectionViewDataSource.swift in Sources */ = {isa = PBXBuildFile; fileRef = 44951D2124473E2E0029275F /* CollectionViewDataSource.swift */; };
		44951D24244740AE0029275F /* GreetingCollectionDelegate.swift in Sources */ = {isa = PBXBuildFile; fileRef = 44951D23244740AE0029275F /* GreetingCollectionDelegate.swift */; };
		44951D262447777E0029275F /* GreetingCell.swift in Sources */ = {isa = PBXBuildFile; fileRef = 44951D252447777E0029275F /* GreetingCell.swift */; };
		44989E262443B21100FAD014 /* GreetingRouter.swift in Sources */ = {isa = PBXBuildFile; fileRef = 44989E1E2443B21100FAD014 /* GreetingRouter.swift */; };
		44989E272443B21100FAD014 /* GreetingPresenter.swift in Sources */ = {isa = PBXBuildFile; fileRef = 44989E1F2443B21100FAD014 /* GreetingPresenter.swift */; };
		44989E282443B21100FAD014 /* GreetingInteractor.swift in Sources */ = {isa = PBXBuildFile; fileRef = 44989E202443B21100FAD014 /* GreetingInteractor.swift */; };
		44989E292443B21100FAD014 /* GreetingViewController.swift in Sources */ = {isa = PBXBuildFile; fileRef = 44989E222443B21100FAD014 /* GreetingViewController.swift */; };
		44989E2A2443B21100FAD014 /* GreetingConfigurator.swift in Sources */ = {isa = PBXBuildFile; fileRef = 44989E242443B21100FAD014 /* GreetingConfigurator.swift */; };
		44A059072473E13D00926814 /* ProfileCommonViewController.swift in Sources */ = {isa = PBXBuildFile; fileRef = 44A059062473E13D00926814 /* ProfileCommonViewController.swift */; };
		44A059092473F70900926814 /* ProfileTasksViewController.swift in Sources */ = {isa = PBXBuildFile; fileRef = 44A059082473F70900926814 /* ProfileTasksViewController.swift */; };
		44A0590B2474072100926814 /* ProfileObjectsViewController.swift in Sources */ = {isa = PBXBuildFile; fileRef = 44A0590A2474072100926814 /* ProfileObjectsViewController.swift */; };
		44AD6FC224632EA600E2B1B3 /* ObjectCategoryPickerViewController.swift in Sources */ = {isa = PBXBuildFile; fileRef = 44AD6FC124632EA600E2B1B3 /* ObjectCategoryPickerViewController.swift */; };
		44B26BC52433CE2700E7B29C /* MoyaRequest.swift in Sources */ = {isa = PBXBuildFile; fileRef = 44B26BC42433CE2700E7B29C /* MoyaRequest.swift */; };
		44B26BC72433EADD00E7B29C /* URLService.swift in Sources */ = {isa = PBXBuildFile; fileRef = 44B26BC62433EADD00E7B29C /* URLService.swift */; };
		44B8A4AA24750091002BFE6A /* ProfileCommentsViewController.swift in Sources */ = {isa = PBXBuildFile; fileRef = 44B8A4A924750091002BFE6A /* ProfileCommentsViewController.swift */; };
		44C2E31D246FF8A900091C4B /* PickerViewController.swift in Sources */ = {isa = PBXBuildFile; fileRef = 44C2E31C246FF8A900091C4B /* PickerViewController.swift */; };
		44C376722407EAF60050961F /* DeveloperAssets.xcassets in Resources */ = {isa = PBXBuildFile; fileRef = 44C376712407EAF60050961F /* DeveloperAssets.xcassets */; };
		44C37674240804680050961F /* Colors.xcassets in Resources */ = {isa = PBXBuildFile; fileRef = 44C37673240804680050961F /* Colors.xcassets */; };
		44C3767624083F050050961F /* Font.swift in Sources */ = {isa = PBXBuildFile; fileRef = 44C3767524083F050050961F /* Font.swift */; };
		44ED11CA2451883D009B92BF /* api_objects_map.swift in Sources */ = {isa = PBXBuildFile; fileRef = 44ED11C92451883D009B92BF /* api_objects_map.swift */; };
		44ED11D32455B9EA009B92BF /* VenueInteractor.swift in Sources */ = {isa = PBXBuildFile; fileRef = 44ED11CD2455B9EA009B92BF /* VenueInteractor.swift */; };
		44ED11D42455B9EA009B92BF /* VenueConfigurator.swift in Sources */ = {isa = PBXBuildFile; fileRef = 44ED11CE2455B9EA009B92BF /* VenueConfigurator.swift */; };
		44ED11D52455B9EA009B92BF /* VenueRouter.swift in Sources */ = {isa = PBXBuildFile; fileRef = 44ED11CF2455B9EA009B92BF /* VenueRouter.swift */; };
		44ED11D62455B9EA009B92BF /* VenuePresenter.swift in Sources */ = {isa = PBXBuildFile; fileRef = 44ED11D02455B9EA009B92BF /* VenuePresenter.swift */; };
		44ED11D72455B9EA009B92BF /* VenueViewController.swift in Sources */ = {isa = PBXBuildFile; fileRef = 44ED11D22455B9EA009B92BF /* VenueViewController.swift */; };
		44ED11D92455BA97009B92BF /* VenueView.swift in Sources */ = {isa = PBXBuildFile; fileRef = 44ED11D82455BA97009B92BF /* VenueView.swift */; };
		44ED11DB2456E5C6009B92BF /* ContentSizedTableView.swift in Sources */ = {isa = PBXBuildFile; fileRef = 44ED11DA2456E5C6009B92BF /* ContentSizedTableView.swift */; };
		44ED11E424573EC5009B92BF /* VenueDescriptionRouter.swift in Sources */ = {isa = PBXBuildFile; fileRef = 44ED11DE24573EC5009B92BF /* VenueDescriptionRouter.swift */; };
		44ED11E524573EC5009B92BF /* VenueDescriptionConfigurator.swift in Sources */ = {isa = PBXBuildFile; fileRef = 44ED11DF24573EC5009B92BF /* VenueDescriptionConfigurator.swift */; };
		44ED11E624573EC5009B92BF /* VenueDescriptionInteractor.swift in Sources */ = {isa = PBXBuildFile; fileRef = 44ED11E024573EC5009B92BF /* VenueDescriptionInteractor.swift */; };
		44ED11E724573EC5009B92BF /* VenueDescriptionPresenter.swift in Sources */ = {isa = PBXBuildFile; fileRef = 44ED11E124573EC5009B92BF /* VenueDescriptionPresenter.swift */; };
		44ED11E824573EC5009B92BF /* VenueDescriptionViewController.swift in Sources */ = {isa = PBXBuildFile; fileRef = 44ED11E324573EC5009B92BF /* VenueDescriptionViewController.swift */; };
		44ED11EA24573F0E009B92BF /* VenueDescriptionView.swift in Sources */ = {isa = PBXBuildFile; fileRef = 44ED11E924573F0E009B92BF /* VenueDescriptionView.swift */; };
		44EE303A246DB5B100926817 /* BlogsRouter.swift in Sources */ = {isa = PBXBuildFile; fileRef = 44EE3034246DB5B000926817 /* BlogsRouter.swift */; };
		44EE303B246DB5B100926817 /* BlogsConfigurator.swift in Sources */ = {isa = PBXBuildFile; fileRef = 44EE3035246DB5B000926817 /* BlogsConfigurator.swift */; };
		44EE303C246DB5B100926817 /* BlogsInteractor.swift in Sources */ = {isa = PBXBuildFile; fileRef = 44EE3036246DB5B000926817 /* BlogsInteractor.swift */; };
		44EE303D246DB5B100926817 /* BlogsPresenter.swift in Sources */ = {isa = PBXBuildFile; fileRef = 44EE3037246DB5B000926817 /* BlogsPresenter.swift */; };
		44EE303E246DB5B100926817 /* BlogsViewController.swift in Sources */ = {isa = PBXBuildFile; fileRef = 44EE3039246DB5B000926817 /* BlogsViewController.swift */; };
		44EE3040246DB88D00926817 /* api_blog_posts.swift in Sources */ = {isa = PBXBuildFile; fileRef = 44EE303F246DB88D00926817 /* api_blog_posts.swift */; };
		44F0EE1F243CC340000B3022 /* LanguageChoicePresenter.swift in Sources */ = {isa = PBXBuildFile; fileRef = 44F0EE17243CC340000B3022 /* LanguageChoicePresenter.swift */; };
		44F0EE20243CC340000B3022 /* LanguageChoiceRouter.swift in Sources */ = {isa = PBXBuildFile; fileRef = 44F0EE18243CC340000B3022 /* LanguageChoiceRouter.swift */; };
		44F0EE21243CC340000B3022 /* LanguageChoiceInteractor.swift in Sources */ = {isa = PBXBuildFile; fileRef = 44F0EE19243CC340000B3022 /* LanguageChoiceInteractor.swift */; };
		44F0EE22243CC340000B3022 /* LanguageChoiceViewController.swift in Sources */ = {isa = PBXBuildFile; fileRef = 44F0EE1B243CC340000B3022 /* LanguageChoiceViewController.swift */; };
		44F0EE24243CC340000B3022 /* LanguageChoiceConfigurator.swift in Sources */ = {isa = PBXBuildFile; fileRef = 44F0EE1E243CC340000B3022 /* LanguageChoiceConfigurator.swift */; };
		44F0EE26243CC65D000B3022 /* LanguageChoiceView.swift in Sources */ = {isa = PBXBuildFile; fileRef = 44F0EE25243CC65D000B3022 /* LanguageChoiceView.swift */; };
		44F0EE28243CF874000B3022 /* Decorator.swift in Sources */ = {isa = PBXBuildFile; fileRef = 44F0EE27243CF874000B3022 /* Decorator.swift */; };
		44F4D883246EBFD3003A50BC /* SubSectionHeaderCell.swift in Sources */ = {isa = PBXBuildFile; fileRef = 44F4D882246EBFD3003A50BC /* SubSectionHeaderCell.swift */; };
		44F527ED24092A7800AEBAC3 /* Annotation.swift in Sources */ = {isa = PBXBuildFile; fileRef = 44F527EC24092A7800AEBAC3 /* Annotation.swift */; };
		8919291CA8199B405B15BC10 /* Pods_DosKaz.framework in Frameworks */ = {isa = PBXBuildFile; fileRef = 21AF8ECE245F0823553C2183 /* Pods_DosKaz.framework */; };
/* End PBXBuildFile section */

/* Begin PBXCopyFilesBuildPhase section */
		445CDC4D24028D1D0072F4BC /* Embed Frameworks */ = {
			isa = PBXCopyFilesBuildPhase;
			buildActionMask = 2147483647;
			dstPath = "";
			dstSubfolderSpec = 10;
			files = (
				445CDC4C24028D1D0072F4BC /* SharedCodeFramework.xcframework in Embed Frameworks */,
			);
			name = "Embed Frameworks";
			runOnlyForDeploymentPostprocessing = 0;
		};
/* End PBXCopyFilesBuildPhase section */

/* Begin PBXFileReference section */
		21AF8ECE245F0823553C2183 /* Pods_DosKaz.framework */ = {isa = PBXFileReference; explicitFileType = wrapper.framework; includeInIndex = 0; path = Pods_DosKaz.framework; sourceTree = BUILT_PRODUCTS_DIR; };
		3F110DFB9DBB23F3BF5631DD /* Pods-DosKaz.release.xcconfig */ = {isa = PBXFileReference; includeInIndex = 1; lastKnownFileType = text.xcconfig; name = "Pods-DosKaz.release.xcconfig"; path = "Target Support Files/Pods-DosKaz/Pods-DosKaz.release.xcconfig"; sourceTree = "<group>"; };
		4404F20F24597A0600EB7184 /* api_object_id.swift */ = {isa = PBXFileReference; lastKnownFileType = sourcecode.swift; path = api_object_id.swift; sourceTree = "<group>"; };
		4404F213245AF9C500EB7184 /* DrawerPanner.swift */ = {isa = PBXFileReference; lastKnownFileType = sourcecode.swift; path = DrawerPanner.swift; sourceTree = "<group>"; };
		4404F215245C39AE00EB7184 /* BasicCell.swift */ = {isa = PBXFileReference; lastKnownFileType = sourcecode.swift; path = BasicCell.swift; sourceTree = "<group>"; };
		4404F217245C966600EB7184 /* api_objects_search.swift */ = {isa = PBXFileReference; lastKnownFileType = sourcecode.swift; path = api_objects_search.swift; sourceTree = "<group>"; };
		4404F245245F0CD900EB7184 /* FilterPresenter.swift */ = {isa = PBXFileReference; fileEncoding = 4; lastKnownFileType = sourcecode.swift; path = FilterPresenter.swift; sourceTree = "<group>"; };
		4404F246245F0CD900EB7184 /* FilterInteractor.swift */ = {isa = PBXFileReference; fileEncoding = 4; lastKnownFileType = sourcecode.swift; path = FilterInteractor.swift; sourceTree = "<group>"; };
		4404F247245F0CD900EB7184 /* FilterConfigurator.swift */ = {isa = PBXFileReference; fileEncoding = 4; lastKnownFileType = sourcecode.swift; path = FilterConfigurator.swift; sourceTree = "<group>"; };
		4404F248245F0CD900EB7184 /* FilterRouter.swift */ = {isa = PBXFileReference; fileEncoding = 4; lastKnownFileType = sourcecode.swift; path = FilterRouter.swift; sourceTree = "<group>"; };
		4404F24A245F0CD900EB7184 /* FilterViewController.swift */ = {isa = PBXFileReference; fileEncoding = 4; lastKnownFileType = sourcecode.swift; path = FilterViewController.swift; sourceTree = "<group>"; };
		4404F250245F1D3700EB7184 /* Templates.swift */ = {isa = PBXFileReference; lastKnownFileType = sourcecode.swift; path = Templates.swift; sourceTree = "<group>"; };
		4404F252245F216100EB7184 /* Eureka.swift */ = {isa = PBXFileReference; lastKnownFileType = sourcecode.swift; path = Eureka.swift; sourceTree = "<group>"; };
		4404F254245F2D9800EB7184 /* Asset.swift */ = {isa = PBXFileReference; lastKnownFileType = sourcecode.swift; path = Asset.swift; sourceTree = "<group>"; };
		4404F25724602B0300EB7184 /* Filter.swift */ = {isa = PBXFileReference; lastKnownFileType = sourcecode.swift; path = Filter.swift; sourceTree = "<group>"; };
		440AC3BA246C152E00AAC348 /* InstructionViewController.swift */ = {isa = PBXFileReference; lastKnownFileType = sourcecode.swift; path = InstructionViewController.swift; sourceTree = "<group>"; };
		4420ABEA24727BE7007F70D6 /* ProfilePresenter.swift */ = {isa = PBXFileReference; fileEncoding = 4; lastKnownFileType = sourcecode.swift; path = ProfilePresenter.swift; sourceTree = "<group>"; };
		4420ABEB24727BE7007F70D6 /* ProfileRouter.swift */ = {isa = PBXFileReference; fileEncoding = 4; lastKnownFileType = sourcecode.swift; path = ProfileRouter.swift; sourceTree = "<group>"; };
		4420ABEC24727BE7007F70D6 /* ProfileConfigurator.swift */ = {isa = PBXFileReference; fileEncoding = 4; lastKnownFileType = sourcecode.swift; path = ProfileConfigurator.swift; sourceTree = "<group>"; };
		4420ABED24727BE7007F70D6 /* ProfileInteractor.swift */ = {isa = PBXFileReference; fileEncoding = 4; lastKnownFileType = sourcecode.swift; path = ProfileInteractor.swift; sourceTree = "<group>"; };
		4420ABEF24727BE7007F70D6 /* ProfileViewController.swift */ = {isa = PBXFileReference; fileEncoding = 4; lastKnownFileType = sourcecode.swift; path = ProfileViewController.swift; sourceTree = "<group>"; };
		4444E24524647BEE0035CA8A /* Archive.swift */ = {isa = PBXFileReference; lastKnownFileType = sourcecode.swift; path = Archive.swift; sourceTree = "<group>"; };
		4446C24024727EC3006B49EE /* api_profile.swift */ = {isa = PBXFileReference; lastKnownFileType = sourcecode.swift; path = api_profile.swift; sourceTree = "<group>"; };
		4446C2422472814F006B49EE /* ProfileDrawerViewController.swift */ = {isa = PBXFileReference; lastKnownFileType = sourcecode.swift; path = ProfileDrawerViewController.swift; sourceTree = "<group>"; };
		4446C2442472887D006B49EE /* ProfileView.swift */ = {isa = PBXFileReference; lastKnownFileType = sourcecode.swift; path = ProfileView.swift; sourceTree = "<group>"; };
		444F35DE246EF548001C7A27 /* MoreViewController.swift */ = {isa = PBXFileReference; lastKnownFileType = sourcecode.swift; path = MoreViewController.swift; sourceTree = "<group>"; };
		444F35E0246EFF2B001C7A27 /* LanguageViewController.swift */ = {isa = PBXFileReference; lastKnownFileType = sourcecode.swift; path = LanguageViewController.swift; sourceTree = "<group>"; };
		44565DA0246DC28000476016 /* BlogCell.swift */ = {isa = PBXFileReference; lastKnownFileType = sourcecode.swift; path = BlogCell.swift; sourceTree = "<group>"; };
		4459CCF4244727B8002DA95F /* GreetingView.swift */ = {isa = PBXFileReference; lastKnownFileType = sourcecode.swift; path = GreetingView.swift; sourceTree = "<group>"; };
		445C3F2A2403F62800131990 /* CategoryPickerRouter.swift */ = {isa = PBXFileReference; fileEncoding = 4; lastKnownFileType = sourcecode.swift; path = CategoryPickerRouter.swift; sourceTree = "<group>"; };
		445C3F2B2403F62800131990 /* CategoryPickerInteractor.swift */ = {isa = PBXFileReference; fileEncoding = 4; lastKnownFileType = sourcecode.swift; path = CategoryPickerInteractor.swift; sourceTree = "<group>"; };
		445C3F2C2403F62800131990 /* CategoryPickerPresenter.swift */ = {isa = PBXFileReference; fileEncoding = 4; lastKnownFileType = sourcecode.swift; path = CategoryPickerPresenter.swift; sourceTree = "<group>"; };
		445C3F2E2403F62800131990 /* CategoryPickerViewController.swift */ = {isa = PBXFileReference; fileEncoding = 4; lastKnownFileType = sourcecode.swift; path = CategoryPickerViewController.swift; sourceTree = "<group>"; };
		445C3F302403F62800131990 /* CategoryPickerModuleIO.swift */ = {isa = PBXFileReference; fileEncoding = 4; lastKnownFileType = sourcecode.swift; path = CategoryPickerModuleIO.swift; sourceTree = "<group>"; };
		445C3F312403F62800131990 /* CategoryPickerConfigurator.swift */ = {isa = PBXFileReference; fileEncoding = 4; lastKnownFileType = sourcecode.swift; path = CategoryPickerConfigurator.swift; sourceTree = "<group>"; };
		445C3F382404432100131990 /* TableViewDataSource.swift */ = {isa = PBXFileReference; lastKnownFileType = sourcecode.swift; path = TableViewDataSource.swift; sourceTree = "<group>"; };
		445CDC4A24028D1D0072F4BC /* SharedCodeFramework.xcframework */ = {isa = PBXFileReference; lastKnownFileType = wrapper.xcframework; name = SharedCodeFramework.xcframework; path = Externals/SharedCodeFramework.xcframework; sourceTree = "<group>"; };
		445CDC4F2402A6D60072F4BC /* UIView+Constraints.swift */ = {isa = PBXFileReference; lastKnownFileType = sourcecode.swift; path = "UIView+Constraints.swift"; sourceTree = "<group>"; };
		445CDC532402D6530072F4BC /* MainTabBarViewController.swift */ = {isa = PBXFileReference; lastKnownFileType = sourcecode.swift; path = MainTabBarViewController.swift; sourceTree = "<group>"; };
		445CDC772402E5F90072F4BC /* MapRouter.swift */ = {isa = PBXFileReference; fileEncoding = 4; lastKnownFileType = sourcecode.swift; path = MapRouter.swift; sourceTree = "<group>"; };
		445CDC782402E5F90072F4BC /* MapPresenter.swift */ = {isa = PBXFileReference; fileEncoding = 4; lastKnownFileType = sourcecode.swift; path = MapPresenter.swift; sourceTree = "<group>"; };
		445CDC792402E5F90072F4BC /* MapInteractor.swift */ = {isa = PBXFileReference; fileEncoding = 4; lastKnownFileType = sourcecode.swift; path = MapInteractor.swift; sourceTree = "<group>"; };
		445CDC7B2402E5F90072F4BC /* MapViewController.swift */ = {isa = PBXFileReference; fileEncoding = 4; lastKnownFileType = sourcecode.swift; path = MapViewController.swift; sourceTree = "<group>"; };
		445CDC7D2402E5F90072F4BC /* MapModuleIO.swift */ = {isa = PBXFileReference; fileEncoding = 4; lastKnownFileType = sourcecode.swift; path = MapModuleIO.swift; sourceTree = "<group>"; };
		445CDC7E2402E5F90072F4BC /* MapConfigurator.swift */ = {isa = PBXFileReference; fileEncoding = 4; lastKnownFileType = sourcecode.swift; path = MapConfigurator.swift; sourceTree = "<group>"; };
		445D51922465A2A800C2E02A /* MKMapView+Zoom.swift */ = {isa = PBXFileReference; lastKnownFileType = sourcecode.swift; path = "MKMapView+Zoom.swift"; sourceTree = "<group>"; };
		445D51942466D92700C2E02A /* disabilityCategories.json */ = {isa = PBXFileReference; lastKnownFileType = text.json; path = disabilityCategories.json; sourceTree = "<group>"; };
		445D51962466D96800C2E02A /* local_disability_categories.swift */ = {isa = PBXFileReference; lastKnownFileType = sourcecode.swift; path = local_disability_categories.swift; sourceTree = "<group>"; };
		44653D88241385EA006EB35D /* DrawerViewController.swift */ = {isa = PBXFileReference; lastKnownFileType = sourcecode.swift; path = DrawerViewController.swift; sourceTree = "<group>"; };
		44653D8A24138610006EB35D /* DrawerView.swift */ = {isa = PBXFileReference; lastKnownFileType = sourcecode.swift; path = DrawerView.swift; sourceTree = "<group>"; };
		44653D8D2413864F006EB35D /* DrawerPosition.swift */ = {isa = PBXFileReference; lastKnownFileType = sourcecode.swift; path = DrawerPosition.swift; sourceTree = "<group>"; };
		446E78C524680C2300075A47 /* api_objects_attributes.swift */ = {isa = PBXFileReference; lastKnownFileType = sourcecode.swift; path = api_objects_attributes.swift; sourceTree = "<group>"; };
		446E78C72468402000075A47 /* api_objects_requests.swift */ = {isa = PBXFileReference; lastKnownFileType = sourcecode.swift; path = api_objects_requests.swift; sourceTree = "<group>"; };
		447DEC05246170A300AB5478 /* api_objects_categories.swift */ = {isa = PBXFileReference; lastKnownFileType = sourcecode.swift; path = api_objects_categories.swift; sourceTree = "<group>"; };
		4486E89423F6EBEF00E8AAB2 /* DosKaz.app */ = {isa = PBXFileReference; explicitFileType = wrapper.application; includeInIndex = 0; path = DosKaz.app; sourceTree = BUILT_PRODUCTS_DIR; };
		4486E89723F6EBEF00E8AAB2 /* AppDelegate.swift */ = {isa = PBXFileReference; lastKnownFileType = sourcecode.swift; path = AppDelegate.swift; sourceTree = "<group>"; };
		4486E89B23F6EBEF00E8AAB2 /* ViewController.swift */ = {isa = PBXFileReference; lastKnownFileType = sourcecode.swift; path = ViewController.swift; sourceTree = "<group>"; };
		4486E89E23F6EBEF00E8AAB2 /* Base */ = {isa = PBXFileReference; lastKnownFileType = file.storyboard; name = Base; path = Base.lproj/Main.storyboard; sourceTree = "<group>"; };
		4486E8A023F6EBF100E8AAB2 /* Assets.xcassets */ = {isa = PBXFileReference; lastKnownFileType = folder.assetcatalog; path = Assets.xcassets; sourceTree = "<group>"; };
		4486E8A323F6EBF100E8AAB2 /* Base */ = {isa = PBXFileReference; lastKnownFileType = file.storyboard; name = Base; path = Base.lproj/LaunchScreen.storyboard; sourceTree = "<group>"; };
		4486E8A523F6EBF100E8AAB2 /* Info.plist */ = {isa = PBXFileReference; lastKnownFileType = text.plist.xml; path = Info.plist; sourceTree = "<group>"; };
		448A446F240BF5D0007305D4 /* SearchResultsViewControllerInteractor.swift */ = {isa = PBXFileReference; fileEncoding = 4; lastKnownFileType = sourcecode.swift; path = SearchResultsViewControllerInteractor.swift; sourceTree = "<group>"; };
		448A4470240BF5D0007305D4 /* SearchResultsViewControllerRouter.swift */ = {isa = PBXFileReference; fileEncoding = 4; lastKnownFileType = sourcecode.swift; path = SearchResultsViewControllerRouter.swift; sourceTree = "<group>"; };
		448A4471240BF5D0007305D4 /* SearchResultsViewControllerPresenter.swift */ = {isa = PBXFileReference; fileEncoding = 4; lastKnownFileType = sourcecode.swift; path = SearchResultsViewControllerPresenter.swift; sourceTree = "<group>"; };
		448A4473240BF5D0007305D4 /* SearchResultsViewControllerViewController.swift */ = {isa = PBXFileReference; fileEncoding = 4; lastKnownFileType = sourcecode.swift; path = SearchResultsViewControllerViewController.swift; sourceTree = "<group>"; };
		448A4475240BF5D0007305D4 /* SearchResultsViewControllerModuleIO.swift */ = {isa = PBXFileReference; fileEncoding = 4; lastKnownFileType = sourcecode.swift; path = SearchResultsViewControllerModuleIO.swift; sourceTree = "<group>"; };
		448A4476240BF5D0007305D4 /* SearchResultsViewControllerConfigurator.swift */ = {isa = PBXFileReference; fileEncoding = 4; lastKnownFileType = sourcecode.swift; path = SearchResultsViewControllerConfigurator.swift; sourceTree = "<group>"; };
		448A447E240C2E60007305D4 /* UISearchAppearanceCustomizer.swift */ = {isa = PBXFileReference; lastKnownFileType = sourcecode.swift; path = UISearchAppearanceCustomizer.swift; sourceTree = "<group>"; };
		448A8A722431171000C81788 /* Sugar.swift */ = {isa = PBXFileReference; lastKnownFileType = sourcecode.swift; path = Sugar.swift; sourceTree = "<group>"; };
		448EBAC324693C8E006C9961 /* BigFormInteractor.swift */ = {isa = PBXFileReference; fileEncoding = 4; lastKnownFileType = sourcecode.swift; path = BigFormInteractor.swift; sourceTree = "<group>"; };
		448EBAC424693C8E006C9961 /* BigFormConfigurator.swift */ = {isa = PBXFileReference; fileEncoding = 4; lastKnownFileType = sourcecode.swift; path = BigFormConfigurator.swift; sourceTree = "<group>"; };
		448EBAC524693C8E006C9961 /* BigFormRouter.swift */ = {isa = PBXFileReference; fileEncoding = 4; lastKnownFileType = sourcecode.swift; path = BigFormRouter.swift; sourceTree = "<group>"; };
		448EBAC624693C8E006C9961 /* BigFormPresenter.swift */ = {isa = PBXFileReference; fileEncoding = 4; lastKnownFileType = sourcecode.swift; path = BigFormPresenter.swift; sourceTree = "<group>"; };
		448EBAC824693C8E006C9961 /* BigFormViewController.swift */ = {isa = PBXFileReference; fileEncoding = 4; lastKnownFileType = sourcecode.swift; path = BigFormViewController.swift; sourceTree = "<group>"; };
		448EBACE24696985006C9961 /* FormControllers.swift */ = {isa = PBXFileReference; lastKnownFileType = sourcecode.swift; path = FormControllers.swift; sourceTree = "<group>"; };
		448EBAD024696CA1006C9961 /* FormCells.swift */ = {isa = PBXFileReference; lastKnownFileType = sourcecode.swift; path = FormCells.swift; sourceTree = "<group>"; };
		448EBAD224699374006C9961 /* CellConfigurator.swift */ = {isa = PBXFileReference; lastKnownFileType = sourcecode.swift; path = CellConfigurator.swift; sourceTree = "<group>"; };
		448EBAD42469C8F8006C9961 /* UTableViewDataSource.swift */ = {isa = PBXFileReference; lastKnownFileType = sourcecode.swift; path = UTableViewDataSource.swift; sourceTree = "<group>"; };
		4490E2EC24026CE900F70B40 /* AppSettings.swift */ = {isa = PBXFileReference; lastKnownFileType = sourcecode.swift; path = AppSettings.swift; sourceTree = "<group>"; };
		4490E2EE2402711300F70B40 /* Localization.swift */ = {isa = PBXFileReference; lastKnownFileType = sourcecode.swift; path = Localization.swift; sourceTree = "<group>"; };
		4490E2F02402776500F70B40 /* StringResourceGenerator.swift */ = {isa = PBXFileReference; lastKnownFileType = sourcecode.swift; path = StringResourceGenerator.swift; sourceTree = "<group>"; };
		44951D2124473E2E0029275F /* CollectionViewDataSource.swift */ = {isa = PBXFileReference; lastKnownFileType = sourcecode.swift; path = CollectionViewDataSource.swift; sourceTree = "<group>"; };
		44951D23244740AE0029275F /* GreetingCollectionDelegate.swift */ = {isa = PBXFileReference; lastKnownFileType = sourcecode.swift; path = GreetingCollectionDelegate.swift; sourceTree = "<group>"; };
		44951D252447777E0029275F /* GreetingCell.swift */ = {isa = PBXFileReference; lastKnownFileType = sourcecode.swift; path = GreetingCell.swift; sourceTree = "<group>"; };
		44989E1E2443B21100FAD014 /* GreetingRouter.swift */ = {isa = PBXFileReference; fileEncoding = 4; lastKnownFileType = sourcecode.swift; path = GreetingRouter.swift; sourceTree = "<group>"; };
		44989E1F2443B21100FAD014 /* GreetingPresenter.swift */ = {isa = PBXFileReference; fileEncoding = 4; lastKnownFileType = sourcecode.swift; path = GreetingPresenter.swift; sourceTree = "<group>"; };
		44989E202443B21100FAD014 /* GreetingInteractor.swift */ = {isa = PBXFileReference; fileEncoding = 4; lastKnownFileType = sourcecode.swift; path = GreetingInteractor.swift; sourceTree = "<group>"; };
		44989E222443B21100FAD014 /* GreetingViewController.swift */ = {isa = PBXFileReference; fileEncoding = 4; lastKnownFileType = sourcecode.swift; path = GreetingViewController.swift; sourceTree = "<group>"; };
		44989E242443B21100FAD014 /* GreetingConfigurator.swift */ = {isa = PBXFileReference; fileEncoding = 4; lastKnownFileType = sourcecode.swift; path = GreetingConfigurator.swift; sourceTree = "<group>"; };
		44A059062473E13D00926814 /* ProfileCommonViewController.swift */ = {isa = PBXFileReference; lastKnownFileType = sourcecode.swift; path = ProfileCommonViewController.swift; sourceTree = "<group>"; };
		44A059082473F70900926814 /* ProfileTasksViewController.swift */ = {isa = PBXFileReference; lastKnownFileType = sourcecode.swift; path = ProfileTasksViewController.swift; sourceTree = "<group>"; };
		44A0590A2474072100926814 /* ProfileObjectsViewController.swift */ = {isa = PBXFileReference; lastKnownFileType = sourcecode.swift; path = ProfileObjectsViewController.swift; sourceTree = "<group>"; };
		44AD6FC124632EA600E2B1B3 /* ObjectCategoryPickerViewController.swift */ = {isa = PBXFileReference; lastKnownFileType = sourcecode.swift; path = ObjectCategoryPickerViewController.swift; sourceTree = "<group>"; };
		44B26BC42433CE2700E7B29C /* MoyaRequest.swift */ = {isa = PBXFileReference; lastKnownFileType = sourcecode.swift; path = MoyaRequest.swift; sourceTree = "<group>"; };
		44B26BC62433EADD00E7B29C /* URLService.swift */ = {isa = PBXFileReference; lastKnownFileType = sourcecode.swift; path = URLService.swift; sourceTree = "<group>"; };
		44B8A4A924750091002BFE6A /* ProfileCommentsViewController.swift */ = {isa = PBXFileReference; lastKnownFileType = sourcecode.swift; path = ProfileCommentsViewController.swift; sourceTree = "<group>"; };
		44C2E31C246FF8A900091C4B /* PickerViewController.swift */ = {isa = PBXFileReference; lastKnownFileType = sourcecode.swift; path = PickerViewController.swift; sourceTree = "<group>"; };
		44C376712407EAF60050961F /* DeveloperAssets.xcassets */ = {isa = PBXFileReference; lastKnownFileType = folder.assetcatalog; path = DeveloperAssets.xcassets; sourceTree = "<group>"; };
		44C37673240804680050961F /* Colors.xcassets */ = {isa = PBXFileReference; lastKnownFileType = folder.assetcatalog; path = Colors.xcassets; sourceTree = "<group>"; };
		44C3767524083F050050961F /* Font.swift */ = {isa = PBXFileReference; lastKnownFileType = sourcecode.swift; path = Font.swift; sourceTree = "<group>"; };
		44ED11C92451883D009B92BF /* api_objects_map.swift */ = {isa = PBXFileReference; lastKnownFileType = sourcecode.swift; path = api_objects_map.swift; sourceTree = "<group>"; };
		44ED11CD2455B9EA009B92BF /* VenueInteractor.swift */ = {isa = PBXFileReference; fileEncoding = 4; lastKnownFileType = sourcecode.swift; path = VenueInteractor.swift; sourceTree = "<group>"; };
		44ED11CE2455B9EA009B92BF /* VenueConfigurator.swift */ = {isa = PBXFileReference; fileEncoding = 4; lastKnownFileType = sourcecode.swift; path = VenueConfigurator.swift; sourceTree = "<group>"; };
		44ED11CF2455B9EA009B92BF /* VenueRouter.swift */ = {isa = PBXFileReference; fileEncoding = 4; lastKnownFileType = sourcecode.swift; path = VenueRouter.swift; sourceTree = "<group>"; };
		44ED11D02455B9EA009B92BF /* VenuePresenter.swift */ = {isa = PBXFileReference; fileEncoding = 4; lastKnownFileType = sourcecode.swift; path = VenuePresenter.swift; sourceTree = "<group>"; };
		44ED11D22455B9EA009B92BF /* VenueViewController.swift */ = {isa = PBXFileReference; fileEncoding = 4; lastKnownFileType = sourcecode.swift; path = VenueViewController.swift; sourceTree = "<group>"; };
		44ED11D82455BA97009B92BF /* VenueView.swift */ = {isa = PBXFileReference; lastKnownFileType = sourcecode.swift; path = VenueView.swift; sourceTree = "<group>"; };
		44ED11DA2456E5C6009B92BF /* ContentSizedTableView.swift */ = {isa = PBXFileReference; lastKnownFileType = sourcecode.swift; path = ContentSizedTableView.swift; sourceTree = "<group>"; };
		44ED11DE24573EC5009B92BF /* VenueDescriptionRouter.swift */ = {isa = PBXFileReference; fileEncoding = 4; lastKnownFileType = sourcecode.swift; path = VenueDescriptionRouter.swift; sourceTree = "<group>"; };
		44ED11DF24573EC5009B92BF /* VenueDescriptionConfigurator.swift */ = {isa = PBXFileReference; fileEncoding = 4; lastKnownFileType = sourcecode.swift; path = VenueDescriptionConfigurator.swift; sourceTree = "<group>"; };
		44ED11E024573EC5009B92BF /* VenueDescriptionInteractor.swift */ = {isa = PBXFileReference; fileEncoding = 4; lastKnownFileType = sourcecode.swift; path = VenueDescriptionInteractor.swift; sourceTree = "<group>"; };
		44ED11E124573EC5009B92BF /* VenueDescriptionPresenter.swift */ = {isa = PBXFileReference; fileEncoding = 4; lastKnownFileType = sourcecode.swift; path = VenueDescriptionPresenter.swift; sourceTree = "<group>"; };
		44ED11E324573EC5009B92BF /* VenueDescriptionViewController.swift */ = {isa = PBXFileReference; fileEncoding = 4; lastKnownFileType = sourcecode.swift; path = VenueDescriptionViewController.swift; sourceTree = "<group>"; };
		44ED11E924573F0E009B92BF /* VenueDescriptionView.swift */ = {isa = PBXFileReference; lastKnownFileType = sourcecode.swift; path = VenueDescriptionView.swift; sourceTree = "<group>"; };
		44EE3034246DB5B000926817 /* BlogsRouter.swift */ = {isa = PBXFileReference; fileEncoding = 4; lastKnownFileType = sourcecode.swift; path = BlogsRouter.swift; sourceTree = "<group>"; };
		44EE3035246DB5B000926817 /* BlogsConfigurator.swift */ = {isa = PBXFileReference; fileEncoding = 4; lastKnownFileType = sourcecode.swift; path = BlogsConfigurator.swift; sourceTree = "<group>"; };
		44EE3036246DB5B000926817 /* BlogsInteractor.swift */ = {isa = PBXFileReference; fileEncoding = 4; lastKnownFileType = sourcecode.swift; path = BlogsInteractor.swift; sourceTree = "<group>"; };
		44EE3037246DB5B000926817 /* BlogsPresenter.swift */ = {isa = PBXFileReference; fileEncoding = 4; lastKnownFileType = sourcecode.swift; path = BlogsPresenter.swift; sourceTree = "<group>"; };
		44EE3039246DB5B000926817 /* BlogsViewController.swift */ = {isa = PBXFileReference; fileEncoding = 4; lastKnownFileType = sourcecode.swift; path = BlogsViewController.swift; sourceTree = "<group>"; };
		44EE303F246DB88D00926817 /* api_blog_posts.swift */ = {isa = PBXFileReference; lastKnownFileType = sourcecode.swift; path = api_blog_posts.swift; sourceTree = "<group>"; };
		44F0EE17243CC340000B3022 /* LanguageChoicePresenter.swift */ = {isa = PBXFileReference; fileEncoding = 4; lastKnownFileType = sourcecode.swift; path = LanguageChoicePresenter.swift; sourceTree = "<group>"; };
		44F0EE18243CC340000B3022 /* LanguageChoiceRouter.swift */ = {isa = PBXFileReference; fileEncoding = 4; lastKnownFileType = sourcecode.swift; path = LanguageChoiceRouter.swift; sourceTree = "<group>"; };
		44F0EE19243CC340000B3022 /* LanguageChoiceInteractor.swift */ = {isa = PBXFileReference; fileEncoding = 4; lastKnownFileType = sourcecode.swift; path = LanguageChoiceInteractor.swift; sourceTree = "<group>"; };
		44F0EE1B243CC340000B3022 /* LanguageChoiceViewController.swift */ = {isa = PBXFileReference; fileEncoding = 4; lastKnownFileType = sourcecode.swift; path = LanguageChoiceViewController.swift; sourceTree = "<group>"; };
		44F0EE1E243CC340000B3022 /* LanguageChoiceConfigurator.swift */ = {isa = PBXFileReference; fileEncoding = 4; lastKnownFileType = sourcecode.swift; path = LanguageChoiceConfigurator.swift; sourceTree = "<group>"; };
		44F0EE25243CC65D000B3022 /* LanguageChoiceView.swift */ = {isa = PBXFileReference; lastKnownFileType = sourcecode.swift; path = LanguageChoiceView.swift; sourceTree = "<group>"; };
		44F0EE27243CF874000B3022 /* Decorator.swift */ = {isa = PBXFileReference; lastKnownFileType = sourcecode.swift; path = Decorator.swift; sourceTree = "<group>"; };
		44F4D882246EBFD3003A50BC /* SubSectionHeaderCell.swift */ = {isa = PBXFileReference; lastKnownFileType = sourcecode.swift; path = SubSectionHeaderCell.swift; sourceTree = "<group>"; };
		44F527EC24092A7800AEBAC3 /* Annotation.swift */ = {isa = PBXFileReference; lastKnownFileType = sourcecode.swift; path = Annotation.swift; sourceTree = "<group>"; };
		44FC63F52406D9F400CFCB58 /* UIViewPreviews.swift */ = {isa = PBXFileReference; lastKnownFileType = sourcecode.swift; path = UIViewPreviews.swift; sourceTree = "<group>"; };
		87642A9555C737F3F0D1E1A6 /* Pods-DosKaz.debug.xcconfig */ = {isa = PBXFileReference; includeInIndex = 1; lastKnownFileType = text.xcconfig; name = "Pods-DosKaz.debug.xcconfig"; path = "Target Support Files/Pods-DosKaz/Pods-DosKaz.debug.xcconfig"; sourceTree = "<group>"; };
/* End PBXFileReference section */

/* Begin PBXFrameworksBuildPhase section */
		4486E89123F6EBEF00E8AAB2 /* Frameworks */ = {
			isa = PBXFrameworksBuildPhase;
			buildActionMask = 2147483647;
			files = (
				445CDC4B24028D1D0072F4BC /* SharedCodeFramework.xcframework in Frameworks */,
				8919291CA8199B405B15BC10 /* Pods_DosKaz.framework in Frameworks */,
			);
			runOnlyForDeploymentPostprocessing = 0;
		};
/* End PBXFrameworksBuildPhase section */

/* Begin PBXGroup section */
		4404F243245F0CD900EB7184 /* Filter */ = {
			isa = PBXGroup;
			children = (
				4404F249245F0CD900EB7184 /* View */,
				4404F244245F0CD900EB7184 /* Presenter */,
			);
			path = Filter;
			sourceTree = "<group>";
		};
		4404F244245F0CD900EB7184 /* Presenter */ = {
			isa = PBXGroup;
			children = (
				4404F245245F0CD900EB7184 /* FilterPresenter.swift */,
				4404F246245F0CD900EB7184 /* FilterInteractor.swift */,
				4404F248245F0CD900EB7184 /* FilterRouter.swift */,
				4404F247245F0CD900EB7184 /* FilterConfigurator.swift */,
				4404F25724602B0300EB7184 /* Filter.swift */,
			);
			path = Presenter;
			sourceTree = "<group>";
		};
		4404F249245F0CD900EB7184 /* View */ = {
			isa = PBXGroup;
			children = (
				4404F24A245F0CD900EB7184 /* FilterViewController.swift */,
				44AD6FC124632EA600E2B1B3 /* ObjectCategoryPickerViewController.swift */,
			);
			path = View;
			sourceTree = "<group>";
		};
		440AC3B9246C150A00AAC348 /* Instruction */ = {
			isa = PBXGroup;
			children = (
				440AC3BA246C152E00AAC348 /* InstructionViewController.swift */,
			);
			path = Instruction;
			sourceTree = "<group>";
		};
		4420ABE824727BE7007F70D6 /* Profile */ = {
			isa = PBXGroup;
			children = (
				4420ABEE24727BE7007F70D6 /* View */,
				4420ABE924727BE7007F70D6 /* Presenter */,
			);
			path = Profile;
			sourceTree = "<group>";
		};
		4420ABE924727BE7007F70D6 /* Presenter */ = {
			isa = PBXGroup;
			children = (
				4420ABEA24727BE7007F70D6 /* ProfilePresenter.swift */,
				4420ABED24727BE7007F70D6 /* ProfileInteractor.swift */,
				4420ABEB24727BE7007F70D6 /* ProfileRouter.swift */,
				4420ABEC24727BE7007F70D6 /* ProfileConfigurator.swift */,
			);
			path = Presenter;
			sourceTree = "<group>";
		};
		4420ABEE24727BE7007F70D6 /* View */ = {
			isa = PBXGroup;
			children = (
				4420ABEF24727BE7007F70D6 /* ProfileViewController.swift */,
				4446C2422472814F006B49EE /* ProfileDrawerViewController.swift */,
				4446C2442472887D006B49EE /* ProfileView.swift */,
				44A059062473E13D00926814 /* ProfileCommonViewController.swift */,
				44A059082473F70900926814 /* ProfileTasksViewController.swift */,
				44A0590A2474072100926814 /* ProfileObjectsViewController.swift */,
				44B8A4A924750091002BFE6A /* ProfileCommentsViewController.swift */,
			);
			path = View;
			sourceTree = "<group>";
		};
		444F35DD246EF4C7001C7A27 /* More */ = {
			isa = PBXGroup;
			children = (
				444F35DE246EF548001C7A27 /* MoreViewController.swift */,
				444F35E0246EFF2B001C7A27 /* LanguageViewController.swift */,
			);
			path = More;
			sourceTree = "<group>";
		};
		445C3F282403F62800131990 /* CategoryPicker */ = {
			isa = PBXGroup;
			children = (
				445C3F2D2403F62800131990 /* View */,
				445C3F292403F62800131990 /* Presenter */,
				445C3F2F2403F62800131990 /* Configurator */,
			);
			path = CategoryPicker;
			sourceTree = "<group>";
		};
		445C3F292403F62800131990 /* Presenter */ = {
			isa = PBXGroup;
			children = (
				445C3F2C2403F62800131990 /* CategoryPickerPresenter.swift */,
				445C3F2B2403F62800131990 /* CategoryPickerInteractor.swift */,
				445C3F2A2403F62800131990 /* CategoryPickerRouter.swift */,
			);
			path = Presenter;
			sourceTree = "<group>";
		};
		445C3F2D2403F62800131990 /* View */ = {
			isa = PBXGroup;
			children = (
				445C3F2E2403F62800131990 /* CategoryPickerViewController.swift */,
			);
			path = View;
			sourceTree = "<group>";
		};
		445C3F2F2403F62800131990 /* Configurator */ = {
			isa = PBXGroup;
			children = (
				445C3F312403F62800131990 /* CategoryPickerConfigurator.swift */,
				445C3F302403F62800131990 /* CategoryPickerModuleIO.swift */,
			);
			path = Configurator;
			sourceTree = "<group>";
		};
		445CDC4E2402A6AA0072F4BC /* Common */ = {
			isa = PBXGroup;
			children = (
				445CDC4F2402A6D60072F4BC /* UIView+Constraints.swift */,
				445C3F382404432100131990 /* TableViewDataSource.swift */,
				448EBAD42469C8F8006C9961 /* UTableViewDataSource.swift */,
				44FC63F52406D9F400CFCB58 /* UIViewPreviews.swift */,
				448A8A722431171000C81788 /* Sugar.swift */,
				44F0EE27243CF874000B3022 /* Decorator.swift */,
				44951D2124473E2E0029275F /* CollectionViewDataSource.swift */,
				44ED11DA2456E5C6009B92BF /* ContentSizedTableView.swift */,
				4404F215245C39AE00EB7184 /* BasicCell.swift */,
				4404F250245F1D3700EB7184 /* Templates.swift */,
				4404F252245F216100EB7184 /* Eureka.swift */,
				4404F254245F2D9800EB7184 /* Asset.swift */,
				4444E24524647BEE0035CA8A /* Archive.swift */,
				445D51922465A2A800C2E02A /* MKMapView+Zoom.swift */,
				44C2E31C246FF8A900091C4B /* PickerViewController.swift */,
			);
			path = Common;
			sourceTree = "<group>";
		};
		445CDC512402B80B0072F4BC /* Storyboards */ = {
			isa = PBXGroup;
			children = (
				4486E89B23F6EBEF00E8AAB2 /* ViewController.swift */,
				4486E89D23F6EBEF00E8AAB2 /* Main.storyboard */,
				4486E8A223F6EBF100E8AAB2 /* LaunchScreen.storyboard */,
			);
			path = Storyboards;
			sourceTree = "<group>";
		};
		445CDC522402D5D60072F4BC /* Modules */ = {
			isa = PBXGroup;
			children = (
				445CDC532402D6530072F4BC /* MainTabBarViewController.swift */,
				44F0EE15243CC340000B3022 /* LanguageChoice */,
				44989E1C2443B21100FAD014 /* Greeting */,
				44653D87241385CE006EB35D /* Drawer */,
				445C3F282403F62800131990 /* CategoryPicker */,
				445CDC752402E5F90072F4BC /* Map */,
				448A446D240BF5D0007305D4 /* SearchResultsViewController */,
				44ED11CB2455B9EA009B92BF /* Venue */,
				44ED11DC24573EC5009B92BF /* VenueDescription */,
				4404F243245F0CD900EB7184 /* Filter */,
				448EBAC124693C8E006C9961 /* BigForm */,
				440AC3B9246C150A00AAC348 /* Instruction */,
				44EE3032246DB5B000926817 /* Blogs */,
				444F35DD246EF4C7001C7A27 /* More */,
				4420ABE824727BE7007F70D6 /* Profile */,
			);
			path = Modules;
			sourceTree = "<group>";
		};
		445CDC752402E5F90072F4BC /* Map */ = {
			isa = PBXGroup;
			children = (
				445CDC7A2402E5F90072F4BC /* View */,
				445CDC762402E5F90072F4BC /* Presenter */,
				445CDC7C2402E5F90072F4BC /* Configurator */,
			);
			path = Map;
			sourceTree = "<group>";
		};
		445CDC762402E5F90072F4BC /* Presenter */ = {
			isa = PBXGroup;
			children = (
				445CDC782402E5F90072F4BC /* MapPresenter.swift */,
				445CDC792402E5F90072F4BC /* MapInteractor.swift */,
				445CDC772402E5F90072F4BC /* MapRouter.swift */,
			);
			path = Presenter;
			sourceTree = "<group>";
		};
		445CDC7A2402E5F90072F4BC /* View */ = {
			isa = PBXGroup;
			children = (
				445CDC7B2402E5F90072F4BC /* MapViewController.swift */,
				44F527EC24092A7800AEBAC3 /* Annotation.swift */,
				448A447E240C2E60007305D4 /* UISearchAppearanceCustomizer.swift */,
			);
			path = View;
			sourceTree = "<group>";
		};
		445CDC7C2402E5F90072F4BC /* Configurator */ = {
			isa = PBXGroup;
			children = (
				445CDC7D2402E5F90072F4BC /* MapModuleIO.swift */,
				445CDC7E2402E5F90072F4BC /* MapConfigurator.swift */,
			);
			path = Configurator;
			sourceTree = "<group>";
		};
		44653D87241385CE006EB35D /* Drawer */ = {
			isa = PBXGroup;
			children = (
				44653D88241385EA006EB35D /* DrawerViewController.swift */,
				44653D8A24138610006EB35D /* DrawerView.swift */,
				44653D8D2413864F006EB35D /* DrawerPosition.swift */,
				4404F213245AF9C500EB7184 /* DrawerPanner.swift */,
			);
			path = Drawer;
			sourceTree = "<group>";
		};
		4486E88B23F6EBEF00E8AAB2 = {
			isa = PBXGroup;
			children = (
				4486E89623F6EBEF00E8AAB2 /* DosKaz */,
				4486E89523F6EBEF00E8AAB2 /* Products */,
				B289990EF20176B259D53FF2 /* Pods */,
				45FCC4BE32D131198C776816 /* Frameworks */,
			);
			sourceTree = "<group>";
		};
		4486E89523F6EBEF00E8AAB2 /* Products */ = {
			isa = PBXGroup;
			children = (
				4486E89423F6EBEF00E8AAB2 /* DosKaz.app */,
			);
			name = Products;
			sourceTree = "<group>";
		};
		4486E89623F6EBEF00E8AAB2 /* DosKaz */ = {
			isa = PBXGroup;
			children = (
				4486E8A523F6EBF100E8AAB2 /* Info.plist */,
				4486E89723F6EBEF00E8AAB2 /* AppDelegate.swift */,
				44C376702407EA910050961F /* Resources */,
				445CDC512402B80B0072F4BC /* Storyboards */,
				445CDC4E2402A6AA0072F4BC /* Common */,
				4490E2EB24026CAA00F70B40 /* Services */,
				445CDC522402D5D60072F4BC /* Modules */,
			);
			path = DosKaz;
			sourceTree = "<group>";
		};
		448A446D240BF5D0007305D4 /* SearchResultsViewController */ = {
			isa = PBXGroup;
			children = (
				448A4472240BF5D0007305D4 /* View */,
				448A446E240BF5D0007305D4 /* Presenter */,
				448A4474240BF5D0007305D4 /* Configurator */,
			);
			path = SearchResultsViewController;
			sourceTree = "<group>";
		};
		448A446E240BF5D0007305D4 /* Presenter */ = {
			isa = PBXGroup;
			children = (
				448A4471240BF5D0007305D4 /* SearchResultsViewControllerPresenter.swift */,
				448A446F240BF5D0007305D4 /* SearchResultsViewControllerInteractor.swift */,
				448A4470240BF5D0007305D4 /* SearchResultsViewControllerRouter.swift */,
			);
			path = Presenter;
			sourceTree = "<group>";
		};
		448A4472240BF5D0007305D4 /* View */ = {
			isa = PBXGroup;
			children = (
				448A4473240BF5D0007305D4 /* SearchResultsViewControllerViewController.swift */,
			);
			path = View;
			sourceTree = "<group>";
		};
		448A4474240BF5D0007305D4 /* Configurator */ = {
			isa = PBXGroup;
			children = (
				448A4476240BF5D0007305D4 /* SearchResultsViewControllerConfigurator.swift */,
				448A4475240BF5D0007305D4 /* SearchResultsViewControllerModuleIO.swift */,
			);
			path = Configurator;
			sourceTree = "<group>";
		};
		448EBAC124693C8E006C9961 /* BigForm */ = {
			isa = PBXGroup;
			children = (
				448EBAC724693C8E006C9961 /* View */,
				448EBAC224693C8E006C9961 /* Presenter */,
			);
			path = BigForm;
			sourceTree = "<group>";
		};
		448EBAC224693C8E006C9961 /* Presenter */ = {
			isa = PBXGroup;
			children = (
				448EBAC624693C8E006C9961 /* BigFormPresenter.swift */,
				448EBAC324693C8E006C9961 /* BigFormInteractor.swift */,
				448EBAC524693C8E006C9961 /* BigFormRouter.swift */,
				448EBAC424693C8E006C9961 /* BigFormConfigurator.swift */,
			);
			path = Presenter;
			sourceTree = "<group>";
		};
		448EBAC724693C8E006C9961 /* View */ = {
			isa = PBXGroup;
			children = (
				448EBAC824693C8E006C9961 /* BigFormViewController.swift */,
				448EBACE24696985006C9961 /* FormControllers.swift */,
				448EBAD024696CA1006C9961 /* FormCells.swift */,
				448EBAD224699374006C9961 /* CellConfigurator.swift */,
				44F4D882246EBFD3003A50BC /* SubSectionHeaderCell.swift */,
			);
			path = View;
			sourceTree = "<group>";
		};
		4490E2EB24026CAA00F70B40 /* Services */ = {
			isa = PBXGroup;
			children = (
				44ED11C824518811009B92BF /* Doskaz */,
				4490E2EC24026CE900F70B40 /* AppSettings.swift */,
				4490E2EE2402711300F70B40 /* Localization.swift */,
				4490E2F02402776500F70B40 /* StringResourceGenerator.swift */,
				44B26BC42433CE2700E7B29C /* MoyaRequest.swift */,
				44B26BC62433EADD00E7B29C /* URLService.swift */,
			);
			path = Services;
			sourceTree = "<group>";
		};
		44989E1C2443B21100FAD014 /* Greeting */ = {
			isa = PBXGroup;
			children = (
				44989E212443B21100FAD014 /* View */,
				44989E1D2443B21100FAD014 /* Presenter */,
			);
			path = Greeting;
			sourceTree = "<group>";
		};
		44989E1D2443B21100FAD014 /* Presenter */ = {
			isa = PBXGroup;
			children = (
				44989E1F2443B21100FAD014 /* GreetingPresenter.swift */,
				44989E202443B21100FAD014 /* GreetingInteractor.swift */,
				44989E1E2443B21100FAD014 /* GreetingRouter.swift */,
				44989E242443B21100FAD014 /* GreetingConfigurator.swift */,
			);
			path = Presenter;
			sourceTree = "<group>";
		};
		44989E212443B21100FAD014 /* View */ = {
			isa = PBXGroup;
			children = (
				44989E222443B21100FAD014 /* GreetingViewController.swift */,
				4459CCF4244727B8002DA95F /* GreetingView.swift */,
				44951D23244740AE0029275F /* GreetingCollectionDelegate.swift */,
				44951D252447777E0029275F /* GreetingCell.swift */,
			);
			path = View;
			sourceTree = "<group>";
		};
		44C376702407EA910050961F /* Resources */ = {
			isa = PBXGroup;
			children = (
				4486E8A023F6EBF100E8AAB2 /* Assets.xcassets */,
				44C376712407EAF60050961F /* DeveloperAssets.xcassets */,
				44C37673240804680050961F /* Colors.xcassets */,
				44C3767524083F050050961F /* Font.swift */,
				445D51942466D92700C2E02A /* disabilityCategories.json */,
			);
			path = Resources;
			sourceTree = "<group>";
		};
		44ED11C824518811009B92BF /* Doskaz */ = {
			isa = PBXGroup;
			children = (
				44ED11C92451883D009B92BF /* api_objects_map.swift */,
				4404F20F24597A0600EB7184 /* api_object_id.swift */,
				4404F217245C966600EB7184 /* api_objects_search.swift */,
				447DEC05246170A300AB5478 /* api_objects_categories.swift */,
				445D51962466D96800C2E02A /* local_disability_categories.swift */,
				446E78C524680C2300075A47 /* api_objects_attributes.swift */,
				446E78C72468402000075A47 /* api_objects_requests.swift */,
				44EE303F246DB88D00926817 /* api_blog_posts.swift */,
				4446C24024727EC3006B49EE /* api_profile.swift */,
			);
			path = Doskaz;
			sourceTree = "<group>";
		};
		44ED11CB2455B9EA009B92BF /* Venue */ = {
			isa = PBXGroup;
			children = (
				44ED11D12455B9EA009B92BF /* View */,
				44ED11CC2455B9EA009B92BF /* Presenter */,
			);
			path = Venue;
			sourceTree = "<group>";
		};
		44ED11CC2455B9EA009B92BF /* Presenter */ = {
			isa = PBXGroup;
			children = (
				44ED11D02455B9EA009B92BF /* VenuePresenter.swift */,
				44ED11CF2455B9EA009B92BF /* VenueRouter.swift */,
				44ED11CD2455B9EA009B92BF /* VenueInteractor.swift */,
				44ED11CE2455B9EA009B92BF /* VenueConfigurator.swift */,
			);
			path = Presenter;
			sourceTree = "<group>";
		};
		44ED11D12455B9EA009B92BF /* View */ = {
			isa = PBXGroup;
			children = (
				44ED11D22455B9EA009B92BF /* VenueViewController.swift */,
				44ED11D82455BA97009B92BF /* VenueView.swift */,
			);
			path = View;
			sourceTree = "<group>";
		};
		44ED11DC24573EC5009B92BF /* VenueDescription */ = {
			isa = PBXGroup;
			children = (
				44ED11E224573EC5009B92BF /* View */,
				44ED11DD24573EC5009B92BF /* Presenter */,
			);
			path = VenueDescription;
			sourceTree = "<group>";
		};
		44ED11DD24573EC5009B92BF /* Presenter */ = {
			isa = PBXGroup;
			children = (
				44ED11E124573EC5009B92BF /* VenueDescriptionPresenter.swift */,
				44ED11E024573EC5009B92BF /* VenueDescriptionInteractor.swift */,
				44ED11DE24573EC5009B92BF /* VenueDescriptionRouter.swift */,
				44ED11DF24573EC5009B92BF /* VenueDescriptionConfigurator.swift */,
			);
			path = Presenter;
			sourceTree = "<group>";
		};
		44ED11E224573EC5009B92BF /* View */ = {
			isa = PBXGroup;
			children = (
				44ED11E324573EC5009B92BF /* VenueDescriptionViewController.swift */,
				44ED11E924573F0E009B92BF /* VenueDescriptionView.swift */,
			);
			path = View;
			sourceTree = "<group>";
		};
		44EE3032246DB5B000926817 /* Blogs */ = {
			isa = PBXGroup;
			children = (
				44EE3038246DB5B000926817 /* View */,
				44EE3033246DB5B000926817 /* Presenter */,
			);
			path = Blogs;
			sourceTree = "<group>";
		};
		44EE3033246DB5B000926817 /* Presenter */ = {
			isa = PBXGroup;
			children = (
				44EE3037246DB5B000926817 /* BlogsPresenter.swift */,
				44EE3036246DB5B000926817 /* BlogsInteractor.swift */,
				44EE3034246DB5B000926817 /* BlogsRouter.swift */,
				44EE3035246DB5B000926817 /* BlogsConfigurator.swift */,
			);
			path = Presenter;
			sourceTree = "<group>";
		};
		44EE3038246DB5B000926817 /* View */ = {
			isa = PBXGroup;
			children = (
				44EE3039246DB5B000926817 /* BlogsViewController.swift */,
				44565DA0246DC28000476016 /* BlogCell.swift */,
			);
			path = View;
			sourceTree = "<group>";
		};
		44F0EE15243CC340000B3022 /* LanguageChoice */ = {
			isa = PBXGroup;
			children = (
				44F0EE1A243CC340000B3022 /* View */,
				44F0EE16243CC340000B3022 /* Presenter */,
				44F0EE1C243CC340000B3022 /* Configurator */,
			);
			path = LanguageChoice;
			sourceTree = "<group>";
		};
		44F0EE16243CC340000B3022 /* Presenter */ = {
			isa = PBXGroup;
			children = (
				44F0EE17243CC340000B3022 /* LanguageChoicePresenter.swift */,
				44F0EE19243CC340000B3022 /* LanguageChoiceInteractor.swift */,
				44F0EE18243CC340000B3022 /* LanguageChoiceRouter.swift */,
			);
			path = Presenter;
			sourceTree = "<group>";
		};
		44F0EE1A243CC340000B3022 /* View */ = {
			isa = PBXGroup;
			children = (
				44F0EE1B243CC340000B3022 /* LanguageChoiceViewController.swift */,
				44F0EE25243CC65D000B3022 /* LanguageChoiceView.swift */,
			);
			path = View;
			sourceTree = "<group>";
		};
		44F0EE1C243CC340000B3022 /* Configurator */ = {
			isa = PBXGroup;
			children = (
				44F0EE1E243CC340000B3022 /* LanguageChoiceConfigurator.swift */,
			);
			path = Configurator;
			sourceTree = "<group>";
		};
		45FCC4BE32D131198C776816 /* Frameworks */ = {
			isa = PBXGroup;
			children = (
				445CDC4A24028D1D0072F4BC /* SharedCodeFramework.xcframework */,
				21AF8ECE245F0823553C2183 /* Pods_DosKaz.framework */,
			);
			name = Frameworks;
			sourceTree = "<group>";
		};
		B289990EF20176B259D53FF2 /* Pods */ = {
			isa = PBXGroup;
			children = (
				87642A9555C737F3F0D1E1A6 /* Pods-DosKaz.debug.xcconfig */,
				3F110DFB9DBB23F3BF5631DD /* Pods-DosKaz.release.xcconfig */,
			);
			path = Pods;
			sourceTree = "<group>";
		};
/* End PBXGroup section */

/* Begin PBXNativeTarget section */
		4486E89323F6EBEF00E8AAB2 /* DosKaz */ = {
			isa = PBXNativeTarget;
			buildConfigurationList = 4486E8A823F6EBF100E8AAB2 /* Build configuration list for PBXNativeTarget "DosKaz" */;
			buildPhases = (
				B7B65AFE2F77E642C54B87DB /* [CP] Check Pods Manifest.lock */,
				4486E89023F6EBEF00E8AAB2 /* Sources */,
				4486E89123F6EBEF00E8AAB2 /* Frameworks */,
				4486E89223F6EBEF00E8AAB2 /* Resources */,
				3A2C94A83D14995FEE1D5EB4 /* [CP] Embed Pods Frameworks */,
				445CDC4D24028D1D0072F4BC /* Embed Frameworks */,
			);
			buildRules = (
			);
			dependencies = (
			);
			name = DosKaz;
			productName = DosKaz;
			productReference = 4486E89423F6EBEF00E8AAB2 /* DosKaz.app */;
			productType = "com.apple.product-type.application";
		};
/* End PBXNativeTarget section */

/* Begin PBXProject section */
		4486E88C23F6EBEF00E8AAB2 /* Project object */ = {
			isa = PBXProject;
			attributes = {
				LastSwiftUpdateCheck = 1130;
				LastUpgradeCheck = 1130;
				ORGANIZATIONNAME = zed;
				TargetAttributes = {
					4486E89323F6EBEF00E8AAB2 = {
						CreatedOnToolsVersion = 11.3.1;
					};
				};
			};
			buildConfigurationList = 4486E88F23F6EBEF00E8AAB2 /* Build configuration list for PBXProject "DosKaz" */;
			compatibilityVersion = "Xcode 9.3";
			developmentRegion = en;
			hasScannedForEncodings = 0;
			knownRegions = (
				en,
				Base,
			);
			mainGroup = 4486E88B23F6EBEF00E8AAB2;
			productRefGroup = 4486E89523F6EBEF00E8AAB2 /* Products */;
			projectDirPath = "";
			projectRoot = "";
			targets = (
				4486E89323F6EBEF00E8AAB2 /* DosKaz */,
			);
		};
/* End PBXProject section */

/* Begin PBXResourcesBuildPhase section */
		4486E89223F6EBEF00E8AAB2 /* Resources */ = {
			isa = PBXResourcesBuildPhase;
			buildActionMask = 2147483647;
			files = (
				44C37674240804680050961F /* Colors.xcassets in Resources */,
				445D51952466D92700C2E02A /* disabilityCategories.json in Resources */,
				4486E8A423F6EBF100E8AAB2 /* LaunchScreen.storyboard in Resources */,
				44C376722407EAF60050961F /* DeveloperAssets.xcassets in Resources */,
				4486E8A123F6EBF100E8AAB2 /* Assets.xcassets in Resources */,
				4486E89F23F6EBEF00E8AAB2 /* Main.storyboard in Resources */,
			);
			runOnlyForDeploymentPostprocessing = 0;
		};
/* End PBXResourcesBuildPhase section */

/* Begin PBXShellScriptBuildPhase section */
		3A2C94A83D14995FEE1D5EB4 /* [CP] Embed Pods Frameworks */ = {
			isa = PBXShellScriptBuildPhase;
			buildActionMask = 2147483647;
			files = (
			);
			inputFileListPaths = (
				"${PODS_ROOT}/Target Support Files/Pods-DosKaz/Pods-DosKaz-frameworks-${CONFIGURATION}-input-files.xcfilelist",
			);
			name = "[CP] Embed Pods Frameworks";
			outputFileListPaths = (
				"${PODS_ROOT}/Target Support Files/Pods-DosKaz/Pods-DosKaz-frameworks-${CONFIGURATION}-output-files.xcfilelist",
			);
			runOnlyForDeploymentPostprocessing = 0;
			shellPath = /bin/sh;
			shellScript = "\"${PODS_ROOT}/Target Support Files/Pods-DosKaz/Pods-DosKaz-frameworks.sh\"\n";
			showEnvVarsInLog = 0;
		};
		B7B65AFE2F77E642C54B87DB /* [CP] Check Pods Manifest.lock */ = {
			isa = PBXShellScriptBuildPhase;
			buildActionMask = 2147483647;
			files = (
			);
			inputFileListPaths = (
			);
			inputPaths = (
				"${PODS_PODFILE_DIR_PATH}/Podfile.lock",
				"${PODS_ROOT}/Manifest.lock",
			);
			name = "[CP] Check Pods Manifest.lock";
			outputFileListPaths = (
			);
			outputPaths = (
				"$(DERIVED_FILE_DIR)/Pods-DosKaz-checkManifestLockResult.txt",
			);
			runOnlyForDeploymentPostprocessing = 0;
			shellPath = /bin/sh;
			shellScript = "diff \"${PODS_PODFILE_DIR_PATH}/Podfile.lock\" \"${PODS_ROOT}/Manifest.lock\" > /dev/null\nif [ $? != 0 ] ; then\n    # print error to STDERR\n    echo \"error: The sandbox is not in sync with the Podfile.lock. Run 'pod install' or update your CocoaPods installation.\" >&2\n    exit 1\nfi\n# This output is used by Xcode 'outputs' to avoid re-running this script phase.\necho \"SUCCESS\" > \"${SCRIPT_OUTPUT_FILE_0}\"\n";
			showEnvVarsInLog = 0;
		};
/* End PBXShellScriptBuildPhase section */

/* Begin PBXSourcesBuildPhase section */
		4486E89023F6EBEF00E8AAB2 /* Sources */ = {
			isa = PBXSourcesBuildPhase;
			buildActionMask = 2147483647;
			files = (
				44B8A4AA24750091002BFE6A /* ProfileCommentsViewController.swift in Sources */,
				440AC3BB246C152E00AAC348 /* InstructionViewController.swift in Sources */,
				448A4477240BF5D0007305D4 /* SearchResultsViewControllerInteractor.swift in Sources */,
				448EBAD124696CA1006C9961 /* FormCells.swift in Sources */,
				445C3F352403F62800131990 /* CategoryPickerViewController.swift in Sources */,
				448EBAD324699374006C9961 /* CellConfigurator.swift in Sources */,
				444F35E1246EFF2B001C7A27 /* LanguageViewController.swift in Sources */,
				44A059092473F70900926814 /* ProfileTasksViewController.swift in Sources */,
				44ED11D52455B9EA009B92BF /* VenueRouter.swift in Sources */,
				44ED11CA2451883D009B92BF /* api_objects_map.swift in Sources */,
				44EE303D246DB5B100926817 /* BlogsPresenter.swift in Sources */,
				44ED11E624573EC5009B92BF /* VenueDescriptionInteractor.swift in Sources */,
				44951D24244740AE0029275F /* GreetingCollectionDelegate.swift in Sources */,
				44A0590B2474072100926814 /* ProfileObjectsViewController.swift in Sources */,
				445C3F332403F62800131990 /* CategoryPickerInteractor.swift in Sources */,
				448A447C240BF5D0007305D4 /* SearchResultsViewControllerConfigurator.swift in Sources */,
				4420ABF224727BE8007F70D6 /* ProfileConfigurator.swift in Sources */,
				44A059072473E13D00926814 /* ProfileCommonViewController.swift in Sources */,
				4404F216245C39AE00EB7184 /* BasicCell.swift in Sources */,
				4486E89C23F6EBEF00E8AAB2 /* ViewController.swift in Sources */,
				4446C2452472887D006B49EE /* ProfileView.swift in Sources */,
				4404F24F245F0CD900EB7184 /* FilterViewController.swift in Sources */,
				44C2E31D246FF8A900091C4B /* PickerViewController.swift in Sources */,
				4404F24C245F0CD900EB7184 /* FilterInteractor.swift in Sources */,
				4404F253245F216100EB7184 /* Eureka.swift in Sources */,
				4420ABF024727BE8007F70D6 /* ProfilePresenter.swift in Sources */,
				445CDC542402D6530072F4BC /* MainTabBarViewController.swift in Sources */,
				445C3F372403F62800131990 /* CategoryPickerConfigurator.swift in Sources */,
				447DEC06246170A300AB5478 /* api_objects_categories.swift in Sources */,
				446E78C624680C2300075A47 /* api_objects_attributes.swift in Sources */,
				448A447A240BF5D0007305D4 /* SearchResultsViewControllerViewController.swift in Sources */,
				4490E2EF2402711300F70B40 /* Localization.swift in Sources */,
				4486E89823F6EBEF00E8AAB2 /* AppDelegate.swift in Sources */,
				4444E24624647BEE0035CA8A /* Archive.swift in Sources */,
				44F0EE24243CC340000B3022 /* LanguageChoiceConfigurator.swift in Sources */,
				448A447B240BF5D0007305D4 /* SearchResultsViewControllerModuleIO.swift in Sources */,
				44653D8B24138610006EB35D /* DrawerView.swift in Sources */,
				4420ABF324727BE8007F70D6 /* ProfileInteractor.swift in Sources */,
				44ED11E524573EC5009B92BF /* VenueDescriptionConfigurator.swift in Sources */,
				4404F24D245F0CD900EB7184 /* FilterConfigurator.swift in Sources */,
				4459CCF5244727B8002DA95F /* GreetingView.swift in Sources */,
				445D51932465A2A800C2E02A /* MKMapView+Zoom.swift in Sources */,
				4404F214245AF9C500EB7184 /* DrawerPanner.swift in Sources */,
				44989E2A2443B21100FAD014 /* GreetingConfigurator.swift in Sources */,
				448A8A732431171000C81788 /* Sugar.swift in Sources */,
				44ED11E824573EC5009B92BF /* VenueDescriptionViewController.swift in Sources */,
				446E78C82468402000075A47 /* api_objects_requests.swift in Sources */,
				4404F21024597A0600EB7184 /* api_object_id.swift in Sources */,
				445CDC502402A6D60072F4BC /* UIView+Constraints.swift in Sources */,
				448EBACC24693C8F006C9961 /* BigFormPresenter.swift in Sources */,
				4490E2ED24026CE900F70B40 /* AppSettings.swift in Sources */,
				44F0EE20243CC340000B3022 /* LanguageChoiceRouter.swift in Sources */,
				445CDC812402E5F90072F4BC /* MapInteractor.swift in Sources */,
				44989E292443B21100FAD014 /* GreetingViewController.swift in Sources */,
				448EBACA24693C8F006C9961 /* BigFormConfigurator.swift in Sources */,
				4420ABF124727BE8007F70D6 /* ProfileRouter.swift in Sources */,
				445C3F322403F62800131990 /* CategoryPickerRouter.swift in Sources */,
				44F0EE26243CC65D000B3022 /* LanguageChoiceView.swift in Sources */,
				4404F255245F2D9800EB7184 /* Asset.swift in Sources */,
				448A4479240BF5D0007305D4 /* SearchResultsViewControllerPresenter.swift in Sources */,
				445CDC822402E5F90072F4BC /* MapViewController.swift in Sources */,
				44653D89241385EA006EB35D /* DrawerViewController.swift in Sources */,
				44989E282443B21100FAD014 /* GreetingInteractor.swift in Sources */,
				448EBAD52469C8F8006C9961 /* UTableViewDataSource.swift in Sources */,
				444F35DF246EF548001C7A27 /* MoreViewController.swift in Sources */,
				44ED11D92455BA97009B92BF /* VenueView.swift in Sources */,
				44B26BC52433CE2700E7B29C /* MoyaRequest.swift in Sources */,
				44C3767624083F050050961F /* Font.swift in Sources */,
				44ED11EA24573F0E009B92BF /* VenueDescriptionView.swift in Sources */,
				44989E262443B21100FAD014 /* GreetingRouter.swift in Sources */,
				44F0EE28243CF874000B3022 /* Decorator.swift in Sources */,
				44565DA1246DC28000476016 /* BlogCell.swift in Sources */,
				44ED11E424573EC5009B92BF /* VenueDescriptionRouter.swift in Sources */,
				44F4D883246EBFD3003A50BC /* SubSectionHeaderCell.swift in Sources */,
				44F0EE22243CC340000B3022 /* LanguageChoiceViewController.swift in Sources */,
				4404F25824602B0300EB7184 /* Filter.swift in Sources */,
				448EBAC924693C8F006C9961 /* BigFormInteractor.swift in Sources */,
				445C3F392404432100131990 /* TableViewDataSource.swift in Sources */,
				44ED11D32455B9EA009B92BF /* VenueInteractor.swift in Sources */,
				4490E2F12402776500F70B40 /* StringResourceGenerator.swift in Sources */,
				4404F218245C966600EB7184 /* api_objects_search.swift in Sources */,
				44ED11E724573EC5009B92BF /* VenueDescriptionPresenter.swift in Sources */,
				44F527ED24092A7800AEBAC3 /* Annotation.swift in Sources */,
				44EE303A246DB5B100926817 /* BlogsRouter.swift in Sources */,
				4404F251245F1D3700EB7184 /* Templates.swift in Sources */,
				44989E272443B21100FAD014 /* GreetingPresenter.swift in Sources */,
				448A4478240BF5D0007305D4 /* SearchResultsViewControllerRouter.swift in Sources */,
				4404F24E245F0CD900EB7184 /* FilterRouter.swift in Sources */,
				44ED11D42455B9EA009B92BF /* VenueConfigurator.swift in Sources */,
				44EE303C246DB5B100926817 /* BlogsInteractor.swift in Sources */,
				448EBACF24696985006C9961 /* FormControllers.swift in Sources */,
				4446C24124727EC3006B49EE /* api_profile.swift in Sources */,
				44ED11D62455B9EA009B92BF /* VenuePresenter.swift in Sources */,
				448EBACB24693C8F006C9961 /* BigFormRouter.swift in Sources */,
				445CDC832402E5F90072F4BC /* MapModuleIO.swift in Sources */,
				445C3F342403F62800131990 /* CategoryPickerPresenter.swift in Sources */,
				44653D8E2413864F006EB35D /* DrawerPosition.swift in Sources */,
				448A447F240C2E60007305D4 /* UISearchAppearanceCustomizer.swift in Sources */,
				445C3F362403F62800131990 /* CategoryPickerModuleIO.swift in Sources */,
				44EE303B246DB5B100926817 /* BlogsConfigurator.swift in Sources */,
				44F0EE1F243CC340000B3022 /* LanguageChoicePresenter.swift in Sources */,
				44EE303E246DB5B100926817 /* BlogsViewController.swift in Sources */,
				44EE3040246DB88D00926817 /* api_blog_posts.swift in Sources */,
				448EBACD24693C8F006C9961 /* BigFormViewController.swift in Sources */,
				44AD6FC224632EA600E2B1B3 /* ObjectCategoryPickerViewController.swift in Sources */,
				44B26BC72433EADD00E7B29C /* URLService.swift in Sources */,
				44F0EE21243CC340000B3022 /* LanguageChoiceInteractor.swift in Sources */,
				44ED11D72455B9EA009B92BF /* VenueViewController.swift in Sources */,
				445CDC802402E5F90072F4BC /* MapPresenter.swift in Sources */,
				445CDC842402E5F90072F4BC /* MapConfigurator.swift in Sources */,
				445D51972466D96800C2E02A /* local_disability_categories.swift in Sources */,
				44951D262447777E0029275F /* GreetingCell.swift in Sources */,
				445CDC7F2402E5F90072F4BC /* MapRouter.swift in Sources */,
				44ED11DB2456E5C6009B92BF /* ContentSizedTableView.swift in Sources */,
				4420ABF424727BE8007F70D6 /* ProfileViewController.swift in Sources */,
				4404F24B245F0CD900EB7184 /* FilterPresenter.swift in Sources */,
				44951D2224473E2E0029275F /* CollectionViewDataSource.swift in Sources */,
				4446C2432472814F006B49EE /* ProfileDrawerViewController.swift in Sources */,
			);
			runOnlyForDeploymentPostprocessing = 0;
		};
/* End PBXSourcesBuildPhase section */

/* Begin PBXVariantGroup section */
		4486E89D23F6EBEF00E8AAB2 /* Main.storyboard */ = {
			isa = PBXVariantGroup;
			children = (
				4486E89E23F6EBEF00E8AAB2 /* Base */,
			);
			name = Main.storyboard;
			sourceTree = "<group>";
		};
		4486E8A223F6EBF100E8AAB2 /* LaunchScreen.storyboard */ = {
			isa = PBXVariantGroup;
			children = (
				4486E8A323F6EBF100E8AAB2 /* Base */,
			);
			name = LaunchScreen.storyboard;
			sourceTree = "<group>";
		};
/* End PBXVariantGroup section */

/* Begin XCBuildConfiguration section */
		4486E8A623F6EBF100E8AAB2 /* Debug */ = {
			isa = XCBuildConfiguration;
			buildSettings = {
				ALWAYS_SEARCH_USER_PATHS = NO;
				CLANG_ANALYZER_NONNULL = YES;
				CLANG_ANALYZER_NUMBER_OBJECT_CONVERSION = YES_AGGRESSIVE;
				CLANG_CXX_LANGUAGE_STANDARD = "gnu++14";
				CLANG_CXX_LIBRARY = "libc++";
				CLANG_ENABLE_MODULES = YES;
				CLANG_ENABLE_OBJC_ARC = YES;
				CLANG_ENABLE_OBJC_WEAK = YES;
				CLANG_WARN_BLOCK_CAPTURE_AUTORELEASING = YES;
				CLANG_WARN_BOOL_CONVERSION = YES;
				CLANG_WARN_COMMA = YES;
				CLANG_WARN_CONSTANT_CONVERSION = YES;
				CLANG_WARN_DEPRECATED_OBJC_IMPLEMENTATIONS = YES;
				CLANG_WARN_DIRECT_OBJC_ISA_USAGE = YES_ERROR;
				CLANG_WARN_DOCUMENTATION_COMMENTS = YES;
				CLANG_WARN_EMPTY_BODY = YES;
				CLANG_WARN_ENUM_CONVERSION = YES;
				CLANG_WARN_INFINITE_RECURSION = YES;
				CLANG_WARN_INT_CONVERSION = YES;
				CLANG_WARN_NON_LITERAL_NULL_CONVERSION = YES;
				CLANG_WARN_OBJC_IMPLICIT_RETAIN_SELF = YES;
				CLANG_WARN_OBJC_LITERAL_CONVERSION = YES;
				CLANG_WARN_OBJC_ROOT_CLASS = YES_ERROR;
				CLANG_WARN_RANGE_LOOP_ANALYSIS = YES;
				CLANG_WARN_STRICT_PROTOTYPES = YES;
				CLANG_WARN_SUSPICIOUS_MOVE = YES;
				CLANG_WARN_UNGUARDED_AVAILABILITY = YES_AGGRESSIVE;
				CLANG_WARN_UNREACHABLE_CODE = YES;
				CLANG_WARN__DUPLICATE_METHOD_MATCH = YES;
				COPY_PHASE_STRIP = NO;
				DEBUG_INFORMATION_FORMAT = dwarf;
				ENABLE_STRICT_OBJC_MSGSEND = YES;
				ENABLE_TESTABILITY = YES;
				GCC_C_LANGUAGE_STANDARD = gnu11;
				GCC_DYNAMIC_NO_PIC = NO;
				GCC_NO_COMMON_BLOCKS = YES;
				GCC_OPTIMIZATION_LEVEL = 0;
				GCC_PREPROCESSOR_DEFINITIONS = (
					"DEBUG=1",
					"$(inherited)",
				);
				GCC_WARN_64_TO_32_BIT_CONVERSION = YES;
				GCC_WARN_ABOUT_RETURN_TYPE = YES_ERROR;
				GCC_WARN_UNDECLARED_SELECTOR = YES;
				GCC_WARN_UNINITIALIZED_AUTOS = YES_AGGRESSIVE;
				GCC_WARN_UNUSED_FUNCTION = YES;
				GCC_WARN_UNUSED_VARIABLE = YES;
				IPHONEOS_DEPLOYMENT_TARGET = 13.2;
				MTL_ENABLE_DEBUG_INFO = INCLUDE_SOURCE;
				MTL_FAST_MATH = YES;
				ONLY_ACTIVE_ARCH = YES;
				SDKROOT = iphoneos;
				SWIFT_ACTIVE_COMPILATION_CONDITIONS = DEBUG;
				SWIFT_OPTIMIZATION_LEVEL = "-Onone";
			};
			name = Debug;
		};
		4486E8A723F6EBF100E8AAB2 /* Release */ = {
			isa = XCBuildConfiguration;
			buildSettings = {
				ALWAYS_SEARCH_USER_PATHS = NO;
				CLANG_ANALYZER_NONNULL = YES;
				CLANG_ANALYZER_NUMBER_OBJECT_CONVERSION = YES_AGGRESSIVE;
				CLANG_CXX_LANGUAGE_STANDARD = "gnu++14";
				CLANG_CXX_LIBRARY = "libc++";
				CLANG_ENABLE_MODULES = YES;
				CLANG_ENABLE_OBJC_ARC = YES;
				CLANG_ENABLE_OBJC_WEAK = YES;
				CLANG_WARN_BLOCK_CAPTURE_AUTORELEASING = YES;
				CLANG_WARN_BOOL_CONVERSION = YES;
				CLANG_WARN_COMMA = YES;
				CLANG_WARN_CONSTANT_CONVERSION = YES;
				CLANG_WARN_DEPRECATED_OBJC_IMPLEMENTATIONS = YES;
				CLANG_WARN_DIRECT_OBJC_ISA_USAGE = YES_ERROR;
				CLANG_WARN_DOCUMENTATION_COMMENTS = YES;
				CLANG_WARN_EMPTY_BODY = YES;
				CLANG_WARN_ENUM_CONVERSION = YES;
				CLANG_WARN_INFINITE_RECURSION = YES;
				CLANG_WARN_INT_CONVERSION = YES;
				CLANG_WARN_NON_LITERAL_NULL_CONVERSION = YES;
				CLANG_WARN_OBJC_IMPLICIT_RETAIN_SELF = YES;
				CLANG_WARN_OBJC_LITERAL_CONVERSION = YES;
				CLANG_WARN_OBJC_ROOT_CLASS = YES_ERROR;
				CLANG_WARN_RANGE_LOOP_ANALYSIS = YES;
				CLANG_WARN_STRICT_PROTOTYPES = YES;
				CLANG_WARN_SUSPICIOUS_MOVE = YES;
				CLANG_WARN_UNGUARDED_AVAILABILITY = YES_AGGRESSIVE;
				CLANG_WARN_UNREACHABLE_CODE = YES;
				CLANG_WARN__DUPLICATE_METHOD_MATCH = YES;
				COPY_PHASE_STRIP = NO;
				DEBUG_INFORMATION_FORMAT = "dwarf-with-dsym";
				ENABLE_NS_ASSERTIONS = NO;
				ENABLE_STRICT_OBJC_MSGSEND = YES;
				GCC_C_LANGUAGE_STANDARD = gnu11;
				GCC_NO_COMMON_BLOCKS = YES;
				GCC_WARN_64_TO_32_BIT_CONVERSION = YES;
				GCC_WARN_ABOUT_RETURN_TYPE = YES_ERROR;
				GCC_WARN_UNDECLARED_SELECTOR = YES;
				GCC_WARN_UNINITIALIZED_AUTOS = YES_AGGRESSIVE;
				GCC_WARN_UNUSED_FUNCTION = YES;
				GCC_WARN_UNUSED_VARIABLE = YES;
				IPHONEOS_DEPLOYMENT_TARGET = 13.2;
				MTL_ENABLE_DEBUG_INFO = NO;
				MTL_FAST_MATH = YES;
				SDKROOT = iphoneos;
				SWIFT_COMPILATION_MODE = wholemodule;
				SWIFT_OPTIMIZATION_LEVEL = "-O";
				VALIDATE_PRODUCT = YES;
			};
			name = Release;
		};
		4486E8A923F6EBF100E8AAB2 /* Debug */ = {
			isa = XCBuildConfiguration;
			baseConfigurationReference = 87642A9555C737F3F0D1E1A6 /* Pods-DosKaz.debug.xcconfig */;
			buildSettings = {
				ASSETCATALOG_COMPILER_APPICON_NAME = AppIcon;
				CODE_SIGN_STYLE = Automatic;
				DEVELOPMENT_ASSET_PATHS = DosKaz/Resources/DeveloperAssets.xcassets;
				DEVELOPMENT_TEAM = 69HEK9F837;
				INFOPLIST_FILE = DosKaz/Info.plist;
				IPHONEOS_DEPLOYMENT_TARGET = 11.0;
				LD_RUNPATH_SEARCH_PATHS = (
					"$(inherited)",
					"@executable_path/Frameworks",
				);
				PRODUCT_BUNDLE_IDENTIFIER = kz.zed.DosKaz;
				PRODUCT_NAME = "$(TARGET_NAME)";
				SWIFT_VERSION = 5.0;
				TARGETED_DEVICE_FAMILY = 1;
			};
			name = Debug;
		};
		4486E8AA23F6EBF100E8AAB2 /* Release */ = {
			isa = XCBuildConfiguration;
			baseConfigurationReference = 3F110DFB9DBB23F3BF5631DD /* Pods-DosKaz.release.xcconfig */;
			buildSettings = {
				ASSETCATALOG_COMPILER_APPICON_NAME = AppIcon;
				CODE_SIGN_STYLE = Automatic;
				DEVELOPMENT_ASSET_PATHS = DosKaz/Resources/DeveloperAssets.xcassets;
				DEVELOPMENT_TEAM = 69HEK9F837;
				INFOPLIST_FILE = DosKaz/Info.plist;
				IPHONEOS_DEPLOYMENT_TARGET = 11.0;
				LD_RUNPATH_SEARCH_PATHS = (
					"$(inherited)",
					"@executable_path/Frameworks",
				);
				PRODUCT_BUNDLE_IDENTIFIER = kz.zed.DosKaz;
				PRODUCT_NAME = "$(TARGET_NAME)";
				SWIFT_VERSION = 5.0;
				TARGETED_DEVICE_FAMILY = 1;
			};
			name = Release;
		};
/* End XCBuildConfiguration section */

/* Begin XCConfigurationList section */
		4486E88F23F6EBEF00E8AAB2 /* Build configuration list for PBXProject "DosKaz" */ = {
			isa = XCConfigurationList;
			buildConfigurations = (
				4486E8A623F6EBF100E8AAB2 /* Debug */,
				4486E8A723F6EBF100E8AAB2 /* Release */,
			);
			defaultConfigurationIsVisible = 0;
			defaultConfigurationName = Release;
		};
		4486E8A823F6EBF100E8AAB2 /* Build configuration list for PBXNativeTarget "DosKaz" */ = {
			isa = XCConfigurationList;
			buildConfigurations = (
				4486E8A923F6EBF100E8AAB2 /* Debug */,
				4486E8AA23F6EBF100E8AAB2 /* Release */,
			);
			defaultConfigurationIsVisible = 0;
			defaultConfigurationName = Release;
		};
/* End XCConfigurationList section */
	};
	rootObject = 4486E88C23F6EBEF00E8AAB2 /* Project object */;
}
