// !$*UTF8*$!
{
	archiveVersion = 1;
	classes = {
	};
	objectVersion = 52;
	objects = {

/* Begin PBXBuildFile section */
		445C3F322403F62800131990 /* CategoryPickerRouter.swift in Sources */ = {isa = PBXBuildFile; fileRef = 445C3F2A2403F62800131990 /* CategoryPickerRouter.swift */; };
		445C3F332403F62800131990 /* CategoryPickerInteractor.swift in Sources */ = {isa = PBXBuildFile; fileRef = 445C3F2B2403F62800131990 /* CategoryPickerInteractor.swift */; };
		445C3F342403F62800131990 /* CategoryPickerPresenter.swift in Sources */ = {isa = PBXBuildFile; fileRef = 445C3F2C2403F62800131990 /* CategoryPickerPresenter.swift */; };
		445C3F352403F62800131990 /* CategoryPickerViewController.swift in Sources */ = {isa = PBXBuildFile; fileRef = 445C3F2E2403F62800131990 /* CategoryPickerViewController.swift */; };
		445C3F362403F62800131990 /* CategoryPickerModuleIO.swift in Sources */ = {isa = PBXBuildFile; fileRef = 445C3F302403F62800131990 /* CategoryPickerModuleIO.swift */; };
		445C3F372403F62800131990 /* CategoryPickerConfigurator.swift in Sources */ = {isa = PBXBuildFile; fileRef = 445C3F312403F62800131990 /* CategoryPickerConfigurator.swift */; };
		445C3F392404432100131990 /* TableViewDataSource.swift in Sources */ = {isa = PBXBuildFile; fileRef = 445C3F382404432100131990 /* TableViewDataSource.swift */; };
		445CDC4B24028D1D0072F4BC /* SharedCodeFramework.xcframework in Frameworks */ = {isa = PBXBuildFile; fileRef = 445CDC4A24028D1D0072F4BC /* SharedCodeFramework.xcframework */; };
		445CDC4C24028D1D0072F4BC /* SharedCodeFramework.xcframework in Embed Frameworks */ = {isa = PBXBuildFile; fileRef = 445CDC4A24028D1D0072F4BC /* SharedCodeFramework.xcframework */; settings = {ATTRIBUTES = (CodeSignOnCopy, ); }; };
		445CDC502402A6D60072F4BC /* UIView+Constraints.swift in Sources */ = {isa = PBXBuildFile; fileRef = 445CDC4F2402A6D60072F4BC /* UIView+Constraints.swift */; };
		445CDC542402D6530072F4BC /* MainTabBarViewController.swift in Sources */ = {isa = PBXBuildFile; fileRef = 445CDC532402D6530072F4BC /* MainTabBarViewController.swift */; };
		445CDC7F2402E5F90072F4BC /* MapRouter.swift in Sources */ = {isa = PBXBuildFile; fileRef = 445CDC772402E5F90072F4BC /* MapRouter.swift */; };
		445CDC802402E5F90072F4BC /* MapPresenter.swift in Sources */ = {isa = PBXBuildFile; fileRef = 445CDC782402E5F90072F4BC /* MapPresenter.swift */; };
		445CDC812402E5F90072F4BC /* MapInteractor.swift in Sources */ = {isa = PBXBuildFile; fileRef = 445CDC792402E5F90072F4BC /* MapInteractor.swift */; };
		445CDC822402E5F90072F4BC /* MapViewController.swift in Sources */ = {isa = PBXBuildFile; fileRef = 445CDC7B2402E5F90072F4BC /* MapViewController.swift */; };
		445CDC832402E5F90072F4BC /* MapModuleIO.swift in Sources */ = {isa = PBXBuildFile; fileRef = 445CDC7D2402E5F90072F4BC /* MapModuleIO.swift */; };
		445CDC842402E5F90072F4BC /* MapConfigurator.swift in Sources */ = {isa = PBXBuildFile; fileRef = 445CDC7E2402E5F90072F4BC /* MapConfigurator.swift */; };
		4486E89823F6EBEF00E8AAB2 /* AppDelegate.swift in Sources */ = {isa = PBXBuildFile; fileRef = 4486E89723F6EBEF00E8AAB2 /* AppDelegate.swift */; };
		4486E89A23F6EBEF00E8AAB2 /* SceneDelegate.swift in Sources */ = {isa = PBXBuildFile; fileRef = 4486E89923F6EBEF00E8AAB2 /* SceneDelegate.swift */; };
		4486E89C23F6EBEF00E8AAB2 /* ViewController.swift in Sources */ = {isa = PBXBuildFile; fileRef = 4486E89B23F6EBEF00E8AAB2 /* ViewController.swift */; };
		4486E89F23F6EBEF00E8AAB2 /* Main.storyboard in Resources */ = {isa = PBXBuildFile; fileRef = 4486E89D23F6EBEF00E8AAB2 /* Main.storyboard */; };
		4486E8A123F6EBF100E8AAB2 /* Assets.xcassets in Resources */ = {isa = PBXBuildFile; fileRef = 4486E8A023F6EBF100E8AAB2 /* Assets.xcassets */; };
		4486E8A423F6EBF100E8AAB2 /* LaunchScreen.storyboard in Resources */ = {isa = PBXBuildFile; fileRef = 4486E8A223F6EBF100E8AAB2 /* LaunchScreen.storyboard */; };
		4490E2ED24026CE900F70B40 /* AppSettings.swift in Sources */ = {isa = PBXBuildFile; fileRef = 4490E2EC24026CE900F70B40 /* AppSettings.swift */; };
		4490E2EF2402711300F70B40 /* Localization.swift in Sources */ = {isa = PBXBuildFile; fileRef = 4490E2EE2402711300F70B40 /* Localization.swift */; };
		4490E2F12402776500F70B40 /* StringResourceGenerator.swift in Sources */ = {isa = PBXBuildFile; fileRef = 4490E2F02402776500F70B40 /* StringResourceGenerator.swift */; };
		44C376722407EAF60050961F /* DeveloperAssets.xcassets in Resources */ = {isa = PBXBuildFile; fileRef = 44C376712407EAF60050961F /* DeveloperAssets.xcassets */; };
		8919291CA8199B405B15BC10 /* Pods_DosKaz.framework in Frameworks */ = {isa = PBXBuildFile; fileRef = 21AF8ECE245F0823553C2183 /* Pods_DosKaz.framework */; };
/* End PBXBuildFile section */

/* Begin PBXCopyFilesBuildPhase section */
		445CDC4D24028D1D0072F4BC /* Embed Frameworks */ = {
			isa = PBXCopyFilesBuildPhase;
			buildActionMask = 2147483647;
			dstPath = "";
			dstSubfolderSpec = 10;
			files = (
				445CDC4C24028D1D0072F4BC /* SharedCodeFramework.xcframework in Embed Frameworks */,
			);
			name = "Embed Frameworks";
			runOnlyForDeploymentPostprocessing = 0;
		};
/* End PBXCopyFilesBuildPhase section */

/* Begin PBXFileReference section */
		21AF8ECE245F0823553C2183 /* Pods_DosKaz.framework */ = {isa = PBXFileReference; explicitFileType = wrapper.framework; includeInIndex = 0; path = Pods_DosKaz.framework; sourceTree = BUILT_PRODUCTS_DIR; };
		3F110DFB9DBB23F3BF5631DD /* Pods-DosKaz.release.xcconfig */ = {isa = PBXFileReference; includeInIndex = 1; lastKnownFileType = text.xcconfig; name = "Pods-DosKaz.release.xcconfig"; path = "Target Support Files/Pods-DosKaz/Pods-DosKaz.release.xcconfig"; sourceTree = "<group>"; };
		445C3F2A2403F62800131990 /* CategoryPickerRouter.swift */ = {isa = PBXFileReference; fileEncoding = 4; lastKnownFileType = sourcecode.swift; path = CategoryPickerRouter.swift; sourceTree = "<group>"; };
		445C3F2B2403F62800131990 /* CategoryPickerInteractor.swift */ = {isa = PBXFileReference; fileEncoding = 4; lastKnownFileType = sourcecode.swift; path = CategoryPickerInteractor.swift; sourceTree = "<group>"; };
		445C3F2C2403F62800131990 /* CategoryPickerPresenter.swift */ = {isa = PBXFileReference; fileEncoding = 4; lastKnownFileType = sourcecode.swift; path = CategoryPickerPresenter.swift; sourceTree = "<group>"; };
		445C3F2E2403F62800131990 /* CategoryPickerViewController.swift */ = {isa = PBXFileReference; fileEncoding = 4; lastKnownFileType = sourcecode.swift; path = CategoryPickerViewController.swift; sourceTree = "<group>"; };
		445C3F302403F62800131990 /* CategoryPickerModuleIO.swift */ = {isa = PBXFileReference; fileEncoding = 4; lastKnownFileType = sourcecode.swift; path = CategoryPickerModuleIO.swift; sourceTree = "<group>"; };
		445C3F312403F62800131990 /* CategoryPickerConfigurator.swift */ = {isa = PBXFileReference; fileEncoding = 4; lastKnownFileType = sourcecode.swift; path = CategoryPickerConfigurator.swift; sourceTree = "<group>"; };
		445C3F382404432100131990 /* TableViewDataSource.swift */ = {isa = PBXFileReference; lastKnownFileType = sourcecode.swift; path = TableViewDataSource.swift; sourceTree = "<group>"; };
		445CDC4A24028D1D0072F4BC /* SharedCodeFramework.xcframework */ = {isa = PBXFileReference; lastKnownFileType = wrapper.xcframework; name = SharedCodeFramework.xcframework; path = Externals/SharedCodeFramework.xcframework; sourceTree = "<group>"; };
		445CDC4F2402A6D60072F4BC /* UIView+Constraints.swift */ = {isa = PBXFileReference; lastKnownFileType = sourcecode.swift; path = "UIView+Constraints.swift"; sourceTree = "<group>"; };
		445CDC532402D6530072F4BC /* MainTabBarViewController.swift */ = {isa = PBXFileReference; lastKnownFileType = sourcecode.swift; path = MainTabBarViewController.swift; sourceTree = "<group>"; };
		445CDC772402E5F90072F4BC /* MapRouter.swift */ = {isa = PBXFileReference; fileEncoding = 4; lastKnownFileType = sourcecode.swift; path = MapRouter.swift; sourceTree = "<group>"; };
		445CDC782402E5F90072F4BC /* MapPresenter.swift */ = {isa = PBXFileReference; fileEncoding = 4; lastKnownFileType = sourcecode.swift; path = MapPresenter.swift; sourceTree = "<group>"; };
		445CDC792402E5F90072F4BC /* MapInteractor.swift */ = {isa = PBXFileReference; fileEncoding = 4; lastKnownFileType = sourcecode.swift; path = MapInteractor.swift; sourceTree = "<group>"; };
		445CDC7B2402E5F90072F4BC /* MapViewController.swift */ = {isa = PBXFileReference; fileEncoding = 4; lastKnownFileType = sourcecode.swift; path = MapViewController.swift; sourceTree = "<group>"; };
		445CDC7D2402E5F90072F4BC /* MapModuleIO.swift */ = {isa = PBXFileReference; fileEncoding = 4; lastKnownFileType = sourcecode.swift; path = MapModuleIO.swift; sourceTree = "<group>"; };
		445CDC7E2402E5F90072F4BC /* MapConfigurator.swift */ = {isa = PBXFileReference; fileEncoding = 4; lastKnownFileType = sourcecode.swift; path = MapConfigurator.swift; sourceTree = "<group>"; };
		4486E89423F6EBEF00E8AAB2 /* DosKaz.app */ = {isa = PBXFileReference; explicitFileType = wrapper.application; includeInIndex = 0; path = DosKaz.app; sourceTree = BUILT_PRODUCTS_DIR; };
		4486E89723F6EBEF00E8AAB2 /* AppDelegate.swift */ = {isa = PBXFileReference; lastKnownFileType = sourcecode.swift; path = AppDelegate.swift; sourceTree = "<group>"; };
		4486E89923F6EBEF00E8AAB2 /* SceneDelegate.swift */ = {isa = PBXFileReference; lastKnownFileType = sourcecode.swift; path = SceneDelegate.swift; sourceTree = "<group>"; };
		4486E89B23F6EBEF00E8AAB2 /* ViewController.swift */ = {isa = PBXFileReference; lastKnownFileType = sourcecode.swift; path = ViewController.swift; sourceTree = "<group>"; };
		4486E89E23F6EBEF00E8AAB2 /* Base */ = {isa = PBXFileReference; lastKnownFileType = file.storyboard; name = Base; path = Base.lproj/Main.storyboard; sourceTree = "<group>"; };
		4486E8A023F6EBF100E8AAB2 /* Assets.xcassets */ = {isa = PBXFileReference; lastKnownFileType = folder.assetcatalog; path = Assets.xcassets; sourceTree = "<group>"; };
		4486E8A323F6EBF100E8AAB2 /* Base */ = {isa = PBXFileReference; lastKnownFileType = file.storyboard; name = Base; path = Base.lproj/LaunchScreen.storyboard; sourceTree = "<group>"; };
		4486E8A523F6EBF100E8AAB2 /* Info.plist */ = {isa = PBXFileReference; lastKnownFileType = text.plist.xml; path = Info.plist; sourceTree = "<group>"; };
		4490E2EC24026CE900F70B40 /* AppSettings.swift */ = {isa = PBXFileReference; lastKnownFileType = sourcecode.swift; path = AppSettings.swift; sourceTree = "<group>"; };
		4490E2EE2402711300F70B40 /* Localization.swift */ = {isa = PBXFileReference; lastKnownFileType = sourcecode.swift; path = Localization.swift; sourceTree = "<group>"; };
		4490E2F02402776500F70B40 /* StringResourceGenerator.swift */ = {isa = PBXFileReference; lastKnownFileType = sourcecode.swift; path = StringResourceGenerator.swift; sourceTree = "<group>"; };
		44C376712407EAF60050961F /* DeveloperAssets.xcassets */ = {isa = PBXFileReference; lastKnownFileType = folder.assetcatalog; path = DeveloperAssets.xcassets; sourceTree = "<group>"; };
		44FC63F52406D9F400CFCB58 /* UIViewPreviews.swift */ = {isa = PBXFileReference; lastKnownFileType = sourcecode.swift; path = UIViewPreviews.swift; sourceTree = "<group>"; };
		87642A9555C737F3F0D1E1A6 /* Pods-DosKaz.debug.xcconfig */ = {isa = PBXFileReference; includeInIndex = 1; lastKnownFileType = text.xcconfig; name = "Pods-DosKaz.debug.xcconfig"; path = "Target Support Files/Pods-DosKaz/Pods-DosKaz.debug.xcconfig"; sourceTree = "<group>"; };
/* End PBXFileReference section */

/* Begin PBXFrameworksBuildPhase section */
		4486E89123F6EBEF00E8AAB2 /* Frameworks */ = {
			isa = PBXFrameworksBuildPhase;
			buildActionMask = 2147483647;
			files = (
				445CDC4B24028D1D0072F4BC /* SharedCodeFramework.xcframework in Frameworks */,
				8919291CA8199B405B15BC10 /* Pods_DosKaz.framework in Frameworks */,
			);
			runOnlyForDeploymentPostprocessing = 0;
		};
/* End PBXFrameworksBuildPhase section */

/* Begin PBXGroup section */
		445C3F282403F62800131990 /* CategoryPicker */ = {
			isa = PBXGroup;
			children = (
				445C3F2D2403F62800131990 /* View */,
				445C3F292403F62800131990 /* Presenter */,
				445C3F2F2403F62800131990 /* Configurator */,
			);
			path = CategoryPicker;
			sourceTree = "<group>";
		};
		445C3F292403F62800131990 /* Presenter */ = {
			isa = PBXGroup;
			children = (
				445C3F2C2403F62800131990 /* CategoryPickerPresenter.swift */,
				445C3F2B2403F62800131990 /* CategoryPickerInteractor.swift */,
				445C3F2A2403F62800131990 /* CategoryPickerRouter.swift */,
			);
			path = Presenter;
			sourceTree = "<group>";
		};
		445C3F2D2403F62800131990 /* View */ = {
			isa = PBXGroup;
			children = (
				445C3F2E2403F62800131990 /* CategoryPickerViewController.swift */,
			);
			path = View;
			sourceTree = "<group>";
		};
		445C3F2F2403F62800131990 /* Configurator */ = {
			isa = PBXGroup;
			children = (
				445C3F312403F62800131990 /* CategoryPickerConfigurator.swift */,
				445C3F302403F62800131990 /* CategoryPickerModuleIO.swift */,
			);
			path = Configurator;
			sourceTree = "<group>";
		};
		445CDC4E2402A6AA0072F4BC /* Common */ = {
			isa = PBXGroup;
			children = (
				445CDC4F2402A6D60072F4BC /* UIView+Constraints.swift */,
				445C3F382404432100131990 /* TableViewDataSource.swift */,
				44FC63F52406D9F400CFCB58 /* UIViewPreviews.swift */,
			);
			path = Common;
			sourceTree = "<group>";
		};
		445CDC512402B80B0072F4BC /* Storyboards */ = {
			isa = PBXGroup;
			children = (
				4486E89B23F6EBEF00E8AAB2 /* ViewController.swift */,
				4486E89D23F6EBEF00E8AAB2 /* Main.storyboard */,
				4486E8A223F6EBF100E8AAB2 /* LaunchScreen.storyboard */,
			);
			path = Storyboards;
			sourceTree = "<group>";
		};
		445CDC522402D5D60072F4BC /* Modules */ = {
			isa = PBXGroup;
			children = (
				445C3F282403F62800131990 /* CategoryPicker */,
				445CDC752402E5F90072F4BC /* Map */,
				445CDC532402D6530072F4BC /* MainTabBarViewController.swift */,
			);
			path = Modules;
			sourceTree = "<group>";
		};
		445CDC752402E5F90072F4BC /* Map */ = {
			isa = PBXGroup;
			children = (
				445CDC7A2402E5F90072F4BC /* View */,
				445CDC762402E5F90072F4BC /* Presenter */,
				445CDC7C2402E5F90072F4BC /* Configurator */,
			);
			path = Map;
			sourceTree = "<group>";
		};
		445CDC762402E5F90072F4BC /* Presenter */ = {
			isa = PBXGroup;
			children = (
				445CDC772402E5F90072F4BC /* MapRouter.swift */,
				445CDC782402E5F90072F4BC /* MapPresenter.swift */,
				445CDC792402E5F90072F4BC /* MapInteractor.swift */,
			);
			path = Presenter;
			sourceTree = "<group>";
		};
		445CDC7A2402E5F90072F4BC /* View */ = {
			isa = PBXGroup;
			children = (
				445CDC7B2402E5F90072F4BC /* MapViewController.swift */,
			);
			path = View;
			sourceTree = "<group>";
		};
		445CDC7C2402E5F90072F4BC /* Configurator */ = {
			isa = PBXGroup;
			children = (
				445CDC7D2402E5F90072F4BC /* MapModuleIO.swift */,
				445CDC7E2402E5F90072F4BC /* MapConfigurator.swift */,
			);
			path = Configurator;
			sourceTree = "<group>";
		};
		4486E88B23F6EBEF00E8AAB2 = {
			isa = PBXGroup;
			children = (
				4486E89623F6EBEF00E8AAB2 /* DosKaz */,
				4486E89523F6EBEF00E8AAB2 /* Products */,
				B289990EF20176B259D53FF2 /* Pods */,
				45FCC4BE32D131198C776816 /* Frameworks */,
			);
			sourceTree = "<group>";
		};
		4486E89523F6EBEF00E8AAB2 /* Products */ = {
			isa = PBXGroup;
			children = (
				4486E89423F6EBEF00E8AAB2 /* DosKaz.app */,
			);
			name = Products;
			sourceTree = "<group>";
		};
		4486E89623F6EBEF00E8AAB2 /* DosKaz */ = {
			isa = PBXGroup;
			children = (
				4486E8A523F6EBF100E8AAB2 /* Info.plist */,
				4486E89723F6EBEF00E8AAB2 /* AppDelegate.swift */,
				4486E89923F6EBEF00E8AAB2 /* SceneDelegate.swift */,
				44C376702407EA910050961F /* Resources */,
				445CDC512402B80B0072F4BC /* Storyboards */,
				445CDC4E2402A6AA0072F4BC /* Common */,
				4490E2EB24026CAA00F70B40 /* Services */,
				445CDC522402D5D60072F4BC /* Modules */,
			);
			path = DosKaz;
			sourceTree = "<group>";
		};
		4490E2EB24026CAA00F70B40 /* Services */ = {
			isa = PBXGroup;
			children = (
				4490E2EC24026CE900F70B40 /* AppSettings.swift */,
				4490E2EE2402711300F70B40 /* Localization.swift */,
				4490E2F02402776500F70B40 /* StringResourceGenerator.swift */,
			);
			path = Services;
			sourceTree = "<group>";
		};
		44C376702407EA910050961F /* Resources */ = {
			isa = PBXGroup;
			children = (
				4486E8A023F6EBF100E8AAB2 /* Assets.xcassets */,
				44C376712407EAF60050961F /* DeveloperAssets.xcassets */,
			);
			path = Resources;
			sourceTree = "<group>";
		};
		45FCC4BE32D131198C776816 /* Frameworks */ = {
			isa = PBXGroup;
			children = (
				445CDC4A24028D1D0072F4BC /* SharedCodeFramework.xcframework */,
				21AF8ECE245F0823553C2183 /* Pods_DosKaz.framework */,
			);
			name = Frameworks;
			sourceTree = "<group>";
		};
		B289990EF20176B259D53FF2 /* Pods */ = {
			isa = PBXGroup;
			children = (
				87642A9555C737F3F0D1E1A6 /* Pods-DosKaz.debug.xcconfig */,
				3F110DFB9DBB23F3BF5631DD /* Pods-DosKaz.release.xcconfig */,
			);
			path = Pods;
			sourceTree = "<group>";
		};
/* End PBXGroup section */

/* Begin PBXNativeTarget section */
		4486E89323F6EBEF00E8AAB2 /* DosKaz */ = {
			isa = PBXNativeTarget;
			buildConfigurationList = 4486E8A823F6EBF100E8AAB2 /* Build configuration list for PBXNativeTarget "DosKaz" */;
			buildPhases = (
				B7B65AFE2F77E642C54B87DB /* [CP] Check Pods Manifest.lock */,
				4486E89023F6EBEF00E8AAB2 /* Sources */,
				4486E89123F6EBEF00E8AAB2 /* Frameworks */,
				4486E89223F6EBEF00E8AAB2 /* Resources */,
				3A2C94A83D14995FEE1D5EB4 /* [CP] Embed Pods Frameworks */,
				445CDC4D24028D1D0072F4BC /* Embed Frameworks */,
			);
			buildRules = (
			);
			dependencies = (
			);
			name = DosKaz;
			productName = DosKaz;
			productReference = 4486E89423F6EBEF00E8AAB2 /* DosKaz.app */;
			productType = "com.apple.product-type.application";
		};
/* End PBXNativeTarget section */

/* Begin PBXProject section */
		4486E88C23F6EBEF00E8AAB2 /* Project object */ = {
			isa = PBXProject;
			attributes = {
				LastSwiftUpdateCheck = 1130;
				LastUpgradeCheck = 1130;
				ORGANIZATIONNAME = zed;
				TargetAttributes = {
					4486E89323F6EBEF00E8AAB2 = {
						CreatedOnToolsVersion = 11.3.1;
					};
				};
			};
			buildConfigurationList = 4486E88F23F6EBEF00E8AAB2 /* Build configuration list for PBXProject "DosKaz" */;
			compatibilityVersion = "Xcode 9.3";
			developmentRegion = en;
			hasScannedForEncodings = 0;
			knownRegions = (
				en,
				Base,
			);
			mainGroup = 4486E88B23F6EBEF00E8AAB2;
			productRefGroup = 4486E89523F6EBEF00E8AAB2 /* Products */;
			projectDirPath = "";
			projectRoot = "";
			targets = (
				4486E89323F6EBEF00E8AAB2 /* DosKaz */,
			);
		};
/* End PBXProject section */

/* Begin PBXResourcesBuildPhase section */
		4486E89223F6EBEF00E8AAB2 /* Resources */ = {
			isa = PBXResourcesBuildPhase;
			buildActionMask = 2147483647;
			files = (
				4486E8A423F6EBF100E8AAB2 /* LaunchScreen.storyboard in Resources */,
				44C376722407EAF60050961F /* DeveloperAssets.xcassets in Resources */,
				4486E8A123F6EBF100E8AAB2 /* Assets.xcassets in Resources */,
				4486E89F23F6EBEF00E8AAB2 /* Main.storyboard in Resources */,
			);
			runOnlyForDeploymentPostprocessing = 0;
		};
/* End PBXResourcesBuildPhase section */

/* Begin PBXShellScriptBuildPhase section */
		3A2C94A83D14995FEE1D5EB4 /* [CP] Embed Pods Frameworks */ = {
			isa = PBXShellScriptBuildPhase;
			buildActionMask = 2147483647;
			files = (
			);
			inputFileListPaths = (
				"${PODS_ROOT}/Target Support Files/Pods-DosKaz/Pods-DosKaz-frameworks-${CONFIGURATION}-input-files.xcfilelist",
			);
			name = "[CP] Embed Pods Frameworks";
			outputFileListPaths = (
				"${PODS_ROOT}/Target Support Files/Pods-DosKaz/Pods-DosKaz-frameworks-${CONFIGURATION}-output-files.xcfilelist",
			);
			runOnlyForDeploymentPostprocessing = 0;
			shellPath = /bin/sh;
			shellScript = "\"${PODS_ROOT}/Target Support Files/Pods-DosKaz/Pods-DosKaz-frameworks.sh\"\n";
			showEnvVarsInLog = 0;
		};
		B7B65AFE2F77E642C54B87DB /* [CP] Check Pods Manifest.lock */ = {
			isa = PBXShellScriptBuildPhase;
			buildActionMask = 2147483647;
			files = (
			);
			inputFileListPaths = (
			);
			inputPaths = (
				"${PODS_PODFILE_DIR_PATH}/Podfile.lock",
				"${PODS_ROOT}/Manifest.lock",
			);
			name = "[CP] Check Pods Manifest.lock";
			outputFileListPaths = (
			);
			outputPaths = (
				"$(DERIVED_FILE_DIR)/Pods-DosKaz-checkManifestLockResult.txt",
			);
			runOnlyForDeploymentPostprocessing = 0;
			shellPath = /bin/sh;
			shellScript = "diff \"${PODS_PODFILE_DIR_PATH}/Podfile.lock\" \"${PODS_ROOT}/Manifest.lock\" > /dev/null\nif [ $? != 0 ] ; then\n    # print error to STDERR\n    echo \"error: The sandbox is not in sync with the Podfile.lock. Run 'pod install' or update your CocoaPods installation.\" >&2\n    exit 1\nfi\n# This output is used by Xcode 'outputs' to avoid re-running this script phase.\necho \"SUCCESS\" > \"${SCRIPT_OUTPUT_FILE_0}\"\n";
			showEnvVarsInLog = 0;
		};
/* End PBXShellScriptBuildPhase section */

/* Begin PBXSourcesBuildPhase section */
		4486E89023F6EBEF00E8AAB2 /* Sources */ = {
			isa = PBXSourcesBuildPhase;
			buildActionMask = 2147483647;
			files = (
				445C3F352403F62800131990 /* CategoryPickerViewController.swift in Sources */,
				445C3F332403F62800131990 /* CategoryPickerInteractor.swift in Sources */,
				4486E89C23F6EBEF00E8AAB2 /* ViewController.swift in Sources */,
				445CDC542402D6530072F4BC /* MainTabBarViewController.swift in Sources */,
				445C3F372403F62800131990 /* CategoryPickerConfigurator.swift in Sources */,
				4490E2EF2402711300F70B40 /* Localization.swift in Sources */,
				4486E89823F6EBEF00E8AAB2 /* AppDelegate.swift in Sources */,
				445CDC502402A6D60072F4BC /* UIView+Constraints.swift in Sources */,
				4490E2ED24026CE900F70B40 /* AppSettings.swift in Sources */,
				445CDC812402E5F90072F4BC /* MapInteractor.swift in Sources */,
				445C3F322403F62800131990 /* CategoryPickerRouter.swift in Sources */,
				445CDC822402E5F90072F4BC /* MapViewController.swift in Sources */,
				445C3F392404432100131990 /* TableViewDataSource.swift in Sources */,
				4490E2F12402776500F70B40 /* StringResourceGenerator.swift in Sources */,
				445CDC832402E5F90072F4BC /* MapModuleIO.swift in Sources */,
				445C3F342403F62800131990 /* CategoryPickerPresenter.swift in Sources */,
				445C3F362403F62800131990 /* CategoryPickerModuleIO.swift in Sources */,
				445CDC802402E5F90072F4BC /* MapPresenter.swift in Sources */,
				445CDC842402E5F90072F4BC /* MapConfigurator.swift in Sources */,
				4486E89A23F6EBEF00E8AAB2 /* SceneDelegate.swift in Sources */,
				445CDC7F2402E5F90072F4BC /* MapRouter.swift in Sources */,
			);
			runOnlyForDeploymentPostprocessing = 0;
		};
/* End PBXSourcesBuildPhase section */

/* Begin PBXVariantGroup section */
		4486E89D23F6EBEF00E8AAB2 /* Main.storyboard */ = {
			isa = PBXVariantGroup;
			children = (
				4486E89E23F6EBEF00E8AAB2 /* Base */,
			);
			name = Main.storyboard;
			sourceTree = "<group>";
		};
		4486E8A223F6EBF100E8AAB2 /* LaunchScreen.storyboard */ = {
			isa = PBXVariantGroup;
			children = (
				4486E8A323F6EBF100E8AAB2 /* Base */,
			);
			name = LaunchScreen.storyboard;
			sourceTree = "<group>";
		};
/* End PBXVariantGroup section */

/* Begin XCBuildConfiguration section */
		4486E8A623F6EBF100E8AAB2 /* Debug */ = {
			isa = XCBuildConfiguration;
			buildSettings = {
				ALWAYS_SEARCH_USER_PATHS = NO;
				CLANG_ANALYZER_NONNULL = YES;
				CLANG_ANALYZER_NUMBER_OBJECT_CONVERSION = YES_AGGRESSIVE;
				CLANG_CXX_LANGUAGE_STANDARD = "gnu++14";
				CLANG_CXX_LIBRARY = "libc++";
				CLANG_ENABLE_MODULES = YES;
				CLANG_ENABLE_OBJC_ARC = YES;
				CLANG_ENABLE_OBJC_WEAK = YES;
				CLANG_WARN_BLOCK_CAPTURE_AUTORELEASING = YES;
				CLANG_WARN_BOOL_CONVERSION = YES;
				CLANG_WARN_COMMA = YES;
				CLANG_WARN_CONSTANT_CONVERSION = YES;
				CLANG_WARN_DEPRECATED_OBJC_IMPLEMENTATIONS = YES;
				CLANG_WARN_DIRECT_OBJC_ISA_USAGE = YES_ERROR;
				CLANG_WARN_DOCUMENTATION_COMMENTS = YES;
				CLANG_WARN_EMPTY_BODY = YES;
				CLANG_WARN_ENUM_CONVERSION = YES;
				CLANG_WARN_INFINITE_RECURSION = YES;
				CLANG_WARN_INT_CONVERSION = YES;
				CLANG_WARN_NON_LITERAL_NULL_CONVERSION = YES;
				CLANG_WARN_OBJC_IMPLICIT_RETAIN_SELF = YES;
				CLANG_WARN_OBJC_LITERAL_CONVERSION = YES;
				CLANG_WARN_OBJC_ROOT_CLASS = YES_ERROR;
				CLANG_WARN_RANGE_LOOP_ANALYSIS = YES;
				CLANG_WARN_STRICT_PROTOTYPES = YES;
				CLANG_WARN_SUSPICIOUS_MOVE = YES;
				CLANG_WARN_UNGUARDED_AVAILABILITY = YES_AGGRESSIVE;
				CLANG_WARN_UNREACHABLE_CODE = YES;
				CLANG_WARN__DUPLICATE_METHOD_MATCH = YES;
				COPY_PHASE_STRIP = NO;
				DEBUG_INFORMATION_FORMAT = dwarf;
				ENABLE_STRICT_OBJC_MSGSEND = YES;
				ENABLE_TESTABILITY = YES;
				GCC_C_LANGUAGE_STANDARD = gnu11;
				GCC_DYNAMIC_NO_PIC = NO;
				GCC_NO_COMMON_BLOCKS = YES;
				GCC_OPTIMIZATION_LEVEL = 0;
				GCC_PREPROCESSOR_DEFINITIONS = (
					"DEBUG=1",
					"$(inherited)",
				);
				GCC_WARN_64_TO_32_BIT_CONVERSION = YES;
				GCC_WARN_ABOUT_RETURN_TYPE = YES_ERROR;
				GCC_WARN_UNDECLARED_SELECTOR = YES;
				GCC_WARN_UNINITIALIZED_AUTOS = YES_AGGRESSIVE;
				GCC_WARN_UNUSED_FUNCTION = YES;
				GCC_WARN_UNUSED_VARIABLE = YES;
				IPHONEOS_DEPLOYMENT_TARGET = 13.2;
				MTL_ENABLE_DEBUG_INFO = INCLUDE_SOURCE;
				MTL_FAST_MATH = YES;
				ONLY_ACTIVE_ARCH = YES;
				SDKROOT = iphoneos;
				SWIFT_ACTIVE_COMPILATION_CONDITIONS = DEBUG;
				SWIFT_OPTIMIZATION_LEVEL = "-Onone";
			};
			name = Debug;
		};
		4486E8A723F6EBF100E8AAB2 /* Release */ = {
			isa = XCBuildConfiguration;
			buildSettings = {
				ALWAYS_SEARCH_USER_PATHS = NO;
				CLANG_ANALYZER_NONNULL = YES;
				CLANG_ANALYZER_NUMBER_OBJECT_CONVERSION = YES_AGGRESSIVE;
				CLANG_CXX_LANGUAGE_STANDARD = "gnu++14";
				CLANG_CXX_LIBRARY = "libc++";
				CLANG_ENABLE_MODULES = YES;
				CLANG_ENABLE_OBJC_ARC = YES;
				CLANG_ENABLE_OBJC_WEAK = YES;
				CLANG_WARN_BLOCK_CAPTURE_AUTORELEASING = YES;
				CLANG_WARN_BOOL_CONVERSION = YES;
				CLANG_WARN_COMMA = YES;
				CLANG_WARN_CONSTANT_CONVERSION = YES;
				CLANG_WARN_DEPRECATED_OBJC_IMPLEMENTATIONS = YES;
				CLANG_WARN_DIRECT_OBJC_ISA_USAGE = YES_ERROR;
				CLANG_WARN_DOCUMENTATION_COMMENTS = YES;
				CLANG_WARN_EMPTY_BODY = YES;
				CLANG_WARN_ENUM_CONVERSION = YES;
				CLANG_WARN_INFINITE_RECURSION = YES;
				CLANG_WARN_INT_CONVERSION = YES;
				CLANG_WARN_NON_LITERAL_NULL_CONVERSION = YES;
				CLANG_WARN_OBJC_IMPLICIT_RETAIN_SELF = YES;
				CLANG_WARN_OBJC_LITERAL_CONVERSION = YES;
				CLANG_WARN_OBJC_ROOT_CLASS = YES_ERROR;
				CLANG_WARN_RANGE_LOOP_ANALYSIS = YES;
				CLANG_WARN_STRICT_PROTOTYPES = YES;
				CLANG_WARN_SUSPICIOUS_MOVE = YES;
				CLANG_WARN_UNGUARDED_AVAILABILITY = YES_AGGRESSIVE;
				CLANG_WARN_UNREACHABLE_CODE = YES;
				CLANG_WARN__DUPLICATE_METHOD_MATCH = YES;
				COPY_PHASE_STRIP = NO;
				DEBUG_INFORMATION_FORMAT = "dwarf-with-dsym";
				ENABLE_NS_ASSERTIONS = NO;
				ENABLE_STRICT_OBJC_MSGSEND = YES;
				GCC_C_LANGUAGE_STANDARD = gnu11;
				GCC_NO_COMMON_BLOCKS = YES;
				GCC_WARN_64_TO_32_BIT_CONVERSION = YES;
				GCC_WARN_ABOUT_RETURN_TYPE = YES_ERROR;
				GCC_WARN_UNDECLARED_SELECTOR = YES;
				GCC_WARN_UNINITIALIZED_AUTOS = YES_AGGRESSIVE;
				GCC_WARN_UNUSED_FUNCTION = YES;
				GCC_WARN_UNUSED_VARIABLE = YES;
				IPHONEOS_DEPLOYMENT_TARGET = 13.2;
				MTL_ENABLE_DEBUG_INFO = NO;
				MTL_FAST_MATH = YES;
				SDKROOT = iphoneos;
				SWIFT_COMPILATION_MODE = wholemodule;
				SWIFT_OPTIMIZATION_LEVEL = "-O";
				VALIDATE_PRODUCT = YES;
			};
			name = Release;
		};
		4486E8A923F6EBF100E8AAB2 /* Debug */ = {
			isa = XCBuildConfiguration;
			baseConfigurationReference = 87642A9555C737F3F0D1E1A6 /* Pods-DosKaz.debug.xcconfig */;
			buildSettings = {
				ASSETCATALOG_COMPILER_APPICON_NAME = AppIcon;
				CODE_SIGN_STYLE = Automatic;
				DEVELOPMENT_ASSET_PATHS = DosKaz/Resources/DeveloperAssets.xcassets;
				DEVELOPMENT_TEAM = 69HEK9F837;
				INFOPLIST_FILE = DosKaz/Info.plist;
				IPHONEOS_DEPLOYMENT_TARGET = 11.0;
				LD_RUNPATH_SEARCH_PATHS = (
					"$(inherited)",
					"@executable_path/Frameworks",
				);
				PRODUCT_BUNDLE_IDENTIFIER = kz.zed.DosKaz;
				PRODUCT_NAME = "$(TARGET_NAME)";
				SWIFT_VERSION = 5.0;
				TARGETED_DEVICE_FAMILY = 1;
			};
			name = Debug;
		};
		4486E8AA23F6EBF100E8AAB2 /* Release */ = {
			isa = XCBuildConfiguration;
			baseConfigurationReference = 3F110DFB9DBB23F3BF5631DD /* Pods-DosKaz.release.xcconfig */;
			buildSettings = {
				ASSETCATALOG_COMPILER_APPICON_NAME = AppIcon;
				CODE_SIGN_STYLE = Automatic;
				DEVELOPMENT_ASSET_PATHS = DosKaz/Resources/DeveloperAssets.xcassets;
				DEVELOPMENT_TEAM = 69HEK9F837;
				INFOPLIST_FILE = DosKaz/Info.plist;
				IPHONEOS_DEPLOYMENT_TARGET = 11.0;
				LD_RUNPATH_SEARCH_PATHS = (
					"$(inherited)",
					"@executable_path/Frameworks",
				);
				PRODUCT_BUNDLE_IDENTIFIER = kz.zed.DosKaz;
				PRODUCT_NAME = "$(TARGET_NAME)";
				SWIFT_VERSION = 5.0;
				TARGETED_DEVICE_FAMILY = 1;
			};
			name = Release;
		};
/* End XCBuildConfiguration section */

/* Begin XCConfigurationList section */
		4486E88F23F6EBEF00E8AAB2 /* Build configuration list for PBXProject "DosKaz" */ = {
			isa = XCConfigurationList;
			buildConfigurations = (
				4486E8A623F6EBF100E8AAB2 /* Debug */,
				4486E8A723F6EBF100E8AAB2 /* Release */,
			);
			defaultConfigurationIsVisible = 0;
			defaultConfigurationName = Release;
		};
		4486E8A823F6EBF100E8AAB2 /* Build configuration list for PBXNativeTarget "DosKaz" */ = {
			isa = XCConfigurationList;
			buildConfigurations = (
				4486E8A923F6EBF100E8AAB2 /* Debug */,
				4486E8AA23F6EBF100E8AAB2 /* Release */,
			);
			defaultConfigurationIsVisible = 0;
			defaultConfigurationName = Release;
		};
/* End XCConfigurationList section */
	};
	rootObject = 4486E88C23F6EBEF00E8AAB2 /* Project object */;
}
