PODS:
  - Alamofire (5.0.1)
  - Eureka (5.2.1)
  - FontAwesome.swift (1.9.0)
  - Moya (14.0.0):
    - Moya/Core (= 14.0.0)
  - Moya/Core (14.0.0):
    - Alamofire (~> 5.0)

DEPENDENCIES:
  - Eureka
  - FontAwesome.swift
  - Moya (~> 14.0)

SPEC REPOS:
  trunk:
    - Alamofire
    - Eureka
    - FontAwesome.swift
    - Moya

SPEC CHECKSUMS:
  Alamofire: 41c162d645ba6a78e7fd030fcdaf6aa394ca39a0
  Eureka: c883105488e05bc65539f583246ecf9657cabbfe
  FontAwesome.swift: a403b88cec950511745ba8f2decd1b6a07346d13
  Moya: 5b45dacb75adb009f97fde91c204c1e565d31916

PODFILE CHECKSUM: 135623cc99cb23b625eb9d92d9c39ea2c479b42c

COCOAPODS: 1.8.4
